{
  "version": 4,
  "terraform_version": "1.11.4",
  "serial": 166,
  "lineage": "fac9254f-26a5-4100-aa8d-fe87e3e9f41c",
  "outputs": {
    "cloudfront_domain_name": {
      "value": "d3v4s62h114hel.cloudfront.net",
      "type": "string"
    },
    "ecr_repository_url": {
      "value": "588738590244.dkr.ecr.ap-northeast-2.amazonaws.com/couponmoa-dev-ecr",
      "type": "string"
    },
    "ecs_cluster_name": {
      "value": "couponmoa-dev-cluster",
      "type": "string"
    },
    "load_balancer_dns": {
      "value": "couponmoa-dev-alb-1847512713.ap-northeast-2.elb.amazonaws.com",
      "type": "string"
    },
    "msa_service_ids": {
      "value": {
        "coupon": "arn:aws:ecs:ap-northeast-2:588738590244:service/couponmoa-dev-cluster/couponmoa-dev-coupon-service",
        "notification": "arn:aws:ecs:ap-northeast-2:588738590244:service/couponmoa-dev-cluster/couponmoa-dev-notification-service",
        "scheduling": "arn:aws:ecs:ap-northeast-2:588738590244:service/couponmoa-dev-cluster/couponmoa-dev-scheduling-service",
        "store": "arn:aws:ecs:ap-northeast-2:588738590244:service/couponmoa-dev-cluster/couponmoa-dev-store-service",
        "user": "arn:aws:ecs:ap-northeast-2:588738590244:service/couponmoa-dev-cluster/couponmoa-dev-user-service"
      },
      "type": [
        "object",
        {
          "coupon": "string",
          "notification": "string",
          "scheduling": "string",
          "store": "string",
          "user": "string"
        }
      ]
    },
    "rds_endpoint": {
      "value": null,
      "type": "string"
    },
    "s3_bucket_name": {
      "value": "couponmoa-user-profile-prod",
      "type": "string"
    },
    "sqs_queue_urls": {
      "value": {
        "coupon_alert": "https://sqs.ap-northeast-2.amazonaws.com/588738590244/coupon-alert-queue",
        "email_alert": "https://sqs.ap-northeast-2.amazonaws.com/588738590244/couponmoa-queue"
      },
      "type": [
        "object",
        {
          "coupon_alert": "string",
          "email_alert": "string"
        }
      ]
    },
    "vpc_id": {
      "value": "vpc-0623c2663f8d2a795",
      "type": "string"
    }
  },
  "resources": [
    {
      "mode": "data",
      "type": "aws_ecs_task_definition",
      "name": "latest",
      "provider": "provider[\"registry.terraform.io/hashicorp/aws\"]",
      "instances": [
        {
          "schema_version": 0,
          "attributes": {
            "arn": "arn:aws:ecs:ap-northeast-2:588738590244:task-definition/couponmoa-gateway:3",
            "family": "couponmoa-gateway",
            "id": "arn:aws:ecs:ap-northeast-2:588738590244:task-definition/couponmoa-gateway:3",
            "network_mode": "awsvpc",
            "revision": 3,
            "status": "ACTIVE",
            "task_definition": "couponmoa-gateway",
            "task_role_arn": "arn:aws:iam::588738590244:role/couponmoa-dev-ecs-execution-role"
          },
          "sensitive_attributes": []
        }
      ]
    },
    {
      "mode": "data",
      "type": "aws_ecs_task_definition",
      "name": "msa_latest",
      "provider": "provider[\"registry.terraform.io/hashicorp/aws\"]",
      "instances": [
        {
          "index_key": "coupon",
          "schema_version": 0,
          "attributes": {
            "arn": "arn:aws:ecs:ap-northeast-2:588738590244:task-definition/couponmoa-coupon:4",
            "family": "couponmoa-coupon",
            "id": "arn:aws:ecs:ap-northeast-2:588738590244:task-definition/couponmoa-coupon:4",
            "network_mode": "awsvpc",
            "revision": 4,
            "status": "ACTIVE",
            "task_definition": "couponmoa-coupon",
            "task_role_arn": "arn:aws:iam::588738590244:role/couponmoa-dev-ecs-execution-role"
          },
          "sensitive_attributes": []
        },
        {
          "index_key": "notification",
          "schema_version": 0,
          "attributes": {
            "arn": "arn:aws:ecs:ap-northeast-2:588738590244:task-definition/couponmoa-notification:4",
            "family": "couponmoa-notification",
            "id": "arn:aws:ecs:ap-northeast-2:588738590244:task-definition/couponmoa-notification:4",
            "network_mode": "awsvpc",
            "revision": 4,
            "status": "ACTIVE",
            "task_definition": "couponmoa-notification",
            "task_role_arn": "arn:aws:iam::588738590244:role/couponmoa-dev-ecs-execution-role"
          },
          "sensitive_attributes": []
        },
        {
          "index_key": "scheduling",
          "schema_version": 0,
          "attributes": {
            "arn": "arn:aws:ecs:ap-northeast-2:588738590244:task-definition/couponmoa-scheduling:4",
            "family": "couponmoa-scheduling",
            "id": "arn:aws:ecs:ap-northeast-2:588738590244:task-definition/couponmoa-scheduling:4",
            "network_mode": "awsvpc",
            "revision": 4,
            "status": "ACTIVE",
            "task_definition": "couponmoa-scheduling",
            "task_role_arn": "arn:aws:iam::588738590244:role/couponmoa-dev-ecs-execution-role"
          },
          "sensitive_attributes": []
        },
        {
          "index_key": "store",
          "schema_version": 0,
          "attributes": {
            "arn": "arn:aws:ecs:ap-northeast-2:588738590244:task-definition/couponmoa-store:4",
            "family": "couponmoa-store",
            "id": "arn:aws:ecs:ap-northeast-2:588738590244:task-definition/couponmoa-store:4",
            "network_mode": "awsvpc",
            "revision": 4,
            "status": "ACTIVE",
            "task_definition": "couponmoa-store",
            "task_role_arn": "arn:aws:iam::588738590244:role/couponmoa-dev-ecs-execution-role"
          },
          "sensitive_attributes": []
        },
        {
          "index_key": "user",
          "schema_version": 0,
          "attributes": {
            "arn": "arn:aws:ecs:ap-northeast-2:588738590244:task-definition/couponmoa-user:4",
            "family": "couponmoa-user",
            "id": "arn:aws:ecs:ap-northeast-2:588738590244:task-definition/couponmoa-user:4",
            "network_mode": "awsvpc",
            "revision": 4,
            "status": "ACTIVE",
            "task_definition": "couponmoa-user",
            "task_role_arn": "arn:aws:iam::588738590244:role/couponmoa-dev-ecs-execution-role"
          },
          "sensitive_attributes": []
        }
      ]
    },
    {
      "mode": "data",
      "type": "aws_iam_policy_document",
      "name": "assume_role_policy",
      "provider": "provider[\"registry.terraform.io/hashicorp/aws\"]",
      "instances": [
        {
          "schema_version": 0,
          "attributes": {
            "id": "320642683",
            "json": "{\n  \"Version\": \"2012-10-17\",\n  \"Statement\": [\n    {\n      \"Sid\": \"\",\n      \"Effect\": \"Allow\",\n      \"Action\": \"sts:AssumeRole\",\n      \"Principal\": {\n        \"Service\": \"ecs-tasks.amazonaws.com\"\n      }\n    }\n  ]\n}",
            "override_json": null,
            "override_policy_documents": null,
            "policy_id": null,
            "source_json": null,
            "source_policy_documents": null,
            "statement": [
              {
                "actions": [
                  "sts:AssumeRole"
                ],
                "condition": [],
                "effect": "Allow",
                "not_actions": [],
                "not_principals": [],
                "not_resources": [],
                "principals": [
                  {
                    "identifiers": [
                      "ecs-tasks.amazonaws.com"
                    ],
                    "type": "Service"
                  }
                ],
                "resources": [],
                "sid": ""
              }
            ],
            "version": "2012-10-17"
          },
          "sensitive_attributes": []
        }
      ]
    },
    {
      "mode": "managed",
      "type": "aws_cloudfront_distribution",
      "name": "cdn",
      "provider": "provider[\"registry.terraform.io/hashicorp/aws\"]",
      "instances": [
        {
          "schema_version": 1,
          "attributes": {
            "aliases": [],
            "arn": "arn:aws:cloudfront::588738590244:distribution/E2KHW0AKSNYL0O",
            "caller_reference": "terraform-20250426010447124000000001",
            "comment": null,
            "custom_error_response": [],
            "default_cache_behavior": [
              {
                "allowed_methods": [
                  "GET",
                  "HEAD"
                ],
                "cache_policy_id": "",
                "cached_methods": [
                  "GET",
                  "HEAD"
                ],
                "compress": false,
                "default_ttl": 0,
                "field_level_encryption_id": "",
                "forwarded_values": [
                  {
                    "cookies": [
                      {
                        "forward": "none",
                        "whitelisted_names": []
                      }
                    ],
                    "headers": [],
                    "query_string": false,
                    "query_string_cache_keys": []
                  }
                ],
                "function_association": [],
                "lambda_function_association": [],
                "max_ttl": 0,
                "min_ttl": 0,
                "origin_request_policy_id": "",
                "realtime_log_config_arn": "",
                "response_headers_policy_id": "",
                "smooth_streaming": false,
                "target_origin_id": "s3-origin",
                "trusted_key_groups": [],
                "trusted_signers": [],
                "viewer_protocol_policy": "redirect-to-https"
              }
            ],
            "default_root_object": "index.html",
            "domain_name": "d3v4s62h114hel.cloudfront.net",
            "enabled": true,
            "etag": "E21PHLEW39PWP7",
            "hosted_zone_id": "Z2FDTNDATAQYW2",
            "http_version": "http2",
            "id": "E2KHW0AKSNYL0O",
            "in_progress_validation_batches": 0,
            "is_ipv6_enabled": true,
            "last_modified_time": "2025-04-26 01:16:48.483 +0000 UTC",
            "logging_config": [],
            "ordered_cache_behavior": [],
            "origin": [
              {
                "connection_attempts": 3,
                "connection_timeout": 10,
                "custom_header": [],
                "custom_origin_config": [],
                "domain_name": "couponmoa-user-profile-prod.s3.ap-northeast-2.amazonaws.com",
                "origin_access_control_id": "E3T51CT2SPPKG3",
                "origin_id": "s3-origin",
                "origin_path": "",
                "origin_shield": [],
                "s3_origin_config": [
                  {
                    "origin_access_identity": ""
                  }
                ]
              }
            ],
            "origin_group": [],
            "price_class": "PriceClass_All",
            "restrictions": [
              {
                "geo_restriction": [
                  {
                    "locations": [],
                    "restriction_type": "none"
                  }
                ]
              }
            ],
            "retain_on_delete": false,
            "status": "Deployed",
            "tags": {
              "Environment": "dev",
              "Name": "couponmoa-cdn"
            },
            "tags_all": {
              "Environment": "dev",
              "Name": "couponmoa-cdn"
            },
            "trusted_key_groups": [
              {
                "enabled": false,
                "items": []
              }
            ],
            "trusted_signers": [
              {
                "enabled": false,
                "items": []
              }
            ],
            "viewer_certificate": [
              {
                "acm_certificate_arn": "",
                "cloudfront_default_certificate": true,
                "iam_certificate_id": "",
                "minimum_protocol_version": "TLSv1",
                "ssl_support_method": ""
              }
            ],
            "wait_for_deployment": true,
            "web_acl_id": ""
          },
          "sensitive_attributes": [],
          "private": "eyJzY2hlbWFfdmVyc2lvbiI6IjEifQ==",
          "dependencies": [
            "aws_cloudfront_origin_access_control.oac",
            "aws_s3_bucket.image_bucket"
          ]
        }
      ]
    },
    {
      "mode": "managed",
      "type": "aws_cloudfront_origin_access_control",
      "name": "oac",
      "provider": "provider[\"registry.terraform.io/hashicorp/aws\"]",
      "instances": [
        {
          "schema_version": 0,
          "attributes": {
            "description": "OAC for S3 secure access",
            "etag": "ETVPDKIKX0DER",
            "id": "E3T51CT2SPPKG3",
            "name": "couponmoa-oac",
            "origin_access_control_origin_type": "s3",
            "signing_behavior": "always",
            "signing_protocol": "sigv4"
          },
          "sensitive_attributes": [],
          "private": "eyJzY2hlbWFfdmVyc2lvbiI6IjAifQ=="
        }
      ]
    },
    {
      "mode": "managed",
      "type": "aws_cloudwatch_log_group",
      "name": "ecs_log_group",
      "provider": "provider[\"registry.terraform.io/hashicorp/aws\"]",
      "instances": [
        {
          "schema_version": 0,
          "attributes": {
            "arn": "arn:aws:logs:ap-northeast-2:588738590244:log-group:/ecs/couponmoa",
            "id": "/ecs/couponmoa",
            "kms_key_id": "",
            "name": "/ecs/couponmoa",
            "name_prefix": "",
            "retention_in_days": 7,
            "skip_destroy": null,
            "tags": {
              "Environment": "dev",
              "Name": "couponmoa-log-group"
            },
            "tags_all": {
              "Environment": "dev",
              "Name": "couponmoa-log-group"
            }
          },
          "sensitive_attributes": [],
          "private": "eyJzY2hlbWFfdmVyc2lvbiI6IjAifQ=="
        }
      ]
    },
    {
      "mode": "managed",
      "type": "aws_db_parameter_group",
      "name": "default",
      "provider": "provider[\"registry.terraform.io/hashicorp/aws\"]",
      "instances": [
        {
          "schema_version": 0,
          "attributes": {
            "arn": "arn:aws:rds:ap-northeast-2:588738590244:pg:couponmoa-db-params",
            "description": "Managed by Terraform",
            "family": "mysql8.0",
            "id": "couponmoa-db-params",
            "name": "couponmoa-db-params",
            "name_prefix": null,
            "parameter": [
              {
                "apply_method": "immediate",
                "name": "character_set_client",
                "value": "utf8mb4"
              },
              {
                "apply_method": "immediate",
                "name": "character_set_server",
                "value": "utf8mb4"
              }
            ],
            "tags": {
              "Environment": "dev",
              "Name": "couponmoa-db-params"
            },
            "tags_all": {
              "Environment": "dev",
              "Name": "couponmoa-db-params"
            }
          },
          "sensitive_attributes": [],
          "private": "eyJzY2hlbWFfdmVyc2lvbiI6IjAifQ=="
        }
      ]
    },
    {
      "mode": "managed",
      "type": "aws_db_subnet_group",
      "name": "default",
      "provider": "provider[\"registry.terraform.io/hashicorp/aws\"]",
      "instances": [
        {
          "schema_version": 0,
          "attributes": {
            "arn": "arn:aws:rds:ap-northeast-2:588738590244:subgrp:couponmoa-db-subnet-group",
            "description": "DB Subnet Group for couponmoa (dev only)",
            "id": "couponmoa-db-subnet-group",
            "name": "couponmoa-db-subnet-group",
            "name_prefix": "",
            "subnet_ids": [
              "subnet-0e0b66d4e1793a676",
              "subnet-0f8856ce64a7b4f25"
            ],
            "supported_network_types": [
              "IPV4"
            ],
            "tags": {
              "Environment": "dev",
              "Name": "couponmoa-db-subnet-group"
            },
            "tags_all": {
              "Environment": "dev",
              "Name": "couponmoa-db-subnet-group"
            }
          },
          "sensitive_attributes": [],
          "private": "bnVsbA==",
          "dependencies": [
            "aws_subnet.public_subnet_1",
            "aws_subnet.public_subnet_2",
            "aws_vpc.vpc"
          ]
        }
      ]
    },
    {
      "mode": "managed",
      "type": "aws_ecr_repository",
      "name": "msa_repos",
      "provider": "provider[\"registry.terraform.io/hashicorp/aws\"]",
      "instances": [
        {
          "index_key": "coupon",
          "schema_version": 0,
          "attributes": {
            "arn": "arn:aws:ecr:ap-northeast-2:588738590244:repository/couponmoa-dev-coupon-ecr",
            "encryption_configuration": [
              {
                "encryption_type": "AES256",
                "kms_key": ""
              }
            ],
            "force_delete": null,
            "id": "couponmoa-dev-coupon-ecr",
            "image_scanning_configuration": [
              {
                "scan_on_push": false
              }
            ],
            "image_tag_mutability": "MUTABLE",
            "name": "couponmoa-dev-coupon-ecr",
            "registry_id": "588738590244",
            "repository_url": "588738590244.dkr.ecr.ap-northeast-2.amazonaws.com/couponmoa-dev-coupon-ecr",
            "tags": {
              "Environment": "dev",
              "Name": "couponmoa-coupon-ecr"
            },
            "tags_all": {
              "Environment": "dev",
              "Name": "couponmoa-coupon-ecr"
            },
            "timeouts": null
          },
          "sensitive_attributes": [],
          "private": "eyJlMmJmYjczMC1lY2FhLTExZTYtOGY4OC0zNDM2M2JjN2M0YzAiOnsiZGVsZXRlIjoxMjAwMDAwMDAwMDAwfX0="
        },
        {
          "index_key": "notification",
          "schema_version": 0,
          "attributes": {
            "arn": "arn:aws:ecr:ap-northeast-2:588738590244:repository/couponmoa-dev-notification-ecr",
            "encryption_configuration": [
              {
                "encryption_type": "AES256",
                "kms_key": ""
              }
            ],
            "force_delete": null,
            "id": "couponmoa-dev-notification-ecr",
            "image_scanning_configuration": [
              {
                "scan_on_push": false
              }
            ],
            "image_tag_mutability": "MUTABLE",
            "name": "couponmoa-dev-notification-ecr",
            "registry_id": "588738590244",
            "repository_url": "588738590244.dkr.ecr.ap-northeast-2.amazonaws.com/couponmoa-dev-notification-ecr",
            "tags": {
              "Environment": "dev",
              "Name": "couponmoa-notification-ecr"
            },
            "tags_all": {
              "Environment": "dev",
              "Name": "couponmoa-notification-ecr"
            },
            "timeouts": null
          },
          "sensitive_attributes": [],
          "private": "eyJlMmJmYjczMC1lY2FhLTExZTYtOGY4OC0zNDM2M2JjN2M0YzAiOnsiZGVsZXRlIjoxMjAwMDAwMDAwMDAwfX0="
        },
        {
          "index_key": "scheduling",
          "schema_version": 0,
          "attributes": {
            "arn": "arn:aws:ecr:ap-northeast-2:588738590244:repository/couponmoa-dev-scheduling-ecr",
            "encryption_configuration": [
              {
                "encryption_type": "AES256",
                "kms_key": ""
              }
            ],
            "force_delete": null,
            "id": "couponmoa-dev-scheduling-ecr",
            "image_scanning_configuration": [
              {
                "scan_on_push": false
              }
            ],
            "image_tag_mutability": "MUTABLE",
            "name": "couponmoa-dev-scheduling-ecr",
            "registry_id": "588738590244",
            "repository_url": "588738590244.dkr.ecr.ap-northeast-2.amazonaws.com/couponmoa-dev-scheduling-ecr",
            "tags": {
              "Environment": "dev",
              "Name": "couponmoa-scheduling-ecr"
            },
            "tags_all": {
              "Environment": "dev",
              "Name": "couponmoa-scheduling-ecr"
            },
            "timeouts": null
          },
          "sensitive_attributes": [],
          "private": "eyJlMmJmYjczMC1lY2FhLTExZTYtOGY4OC0zNDM2M2JjN2M0YzAiOnsiZGVsZXRlIjoxMjAwMDAwMDAwMDAwfX0="
        },
        {
          "index_key": "store",
          "schema_version": 0,
          "attributes": {
            "arn": "arn:aws:ecr:ap-northeast-2:588738590244:repository/couponmoa-dev-store-ecr",
            "encryption_configuration": [
              {
                "encryption_type": "AES256",
                "kms_key": ""
              }
            ],
            "force_delete": null,
            "id": "couponmoa-dev-store-ecr",
            "image_scanning_configuration": [
              {
                "scan_on_push": false
              }
            ],
            "image_tag_mutability": "MUTABLE",
            "name": "couponmoa-dev-store-ecr",
            "registry_id": "588738590244",
            "repository_url": "588738590244.dkr.ecr.ap-northeast-2.amazonaws.com/couponmoa-dev-store-ecr",
            "tags": {
              "Environment": "dev",
              "Name": "couponmoa-store-ecr"
            },
            "tags_all": {
              "Environment": "dev",
              "Name": "couponmoa-store-ecr"
            },
            "timeouts": null
          },
          "sensitive_attributes": [],
          "private": "eyJlMmJmYjczMC1lY2FhLTExZTYtOGY4OC0zNDM2M2JjN2M0YzAiOnsiZGVsZXRlIjoxMjAwMDAwMDAwMDAwfX0="
        },
        {
          "index_key": "user",
          "schema_version": 0,
          "attributes": {
            "arn": "arn:aws:ecr:ap-northeast-2:588738590244:repository/couponmoa-dev-user-ecr",
            "encryption_configuration": [
              {
                "encryption_type": "AES256",
                "kms_key": ""
              }
            ],
            "force_delete": null,
            "id": "couponmoa-dev-user-ecr",
            "image_scanning_configuration": [
              {
                "scan_on_push": false
              }
            ],
            "image_tag_mutability": "MUTABLE",
            "name": "couponmoa-dev-user-ecr",
            "registry_id": "588738590244",
            "repository_url": "588738590244.dkr.ecr.ap-northeast-2.amazonaws.com/couponmoa-dev-user-ecr",
            "tags": {
              "Environment": "dev",
              "Name": "couponmoa-user-ecr"
            },
            "tags_all": {
              "Environment": "dev",
              "Name": "couponmoa-user-ecr"
            },
            "timeouts": null
          },
          "sensitive_attributes": [],
          "private": "eyJlMmJmYjczMC1lY2FhLTExZTYtOGY4OC0zNDM2M2JjN2M0YzAiOnsiZGVsZXRlIjoxMjAwMDAwMDAwMDAwfX0="
        }
      ]
    },
    {
      "mode": "managed",
      "type": "aws_ecr_repository",
      "name": "repository",
      "provider": "provider[\"registry.terraform.io/hashicorp/aws\"]",
      "instances": [
        {
          "schema_version": 0,
          "attributes": {
            "arn": "arn:aws:ecr:ap-northeast-2:588738590244:repository/couponmoa-dev-ecr",
            "encryption_configuration": [
              {
                "encryption_type": "AES256",
                "kms_key": ""
              }
            ],
            "force_delete": null,
            "id": "couponmoa-dev-ecr",
            "image_scanning_configuration": [
              {
                "scan_on_push": false
              }
            ],
            "image_tag_mutability": "MUTABLE",
            "name": "couponmoa-dev-ecr",
            "registry_id": "588738590244",
            "repository_url": "588738590244.dkr.ecr.ap-northeast-2.amazonaws.com/couponmoa-dev-ecr",
            "tags": {
              "Environment": "dev",
              "Name": "couponmoa-ecr"
            },
            "tags_all": {
              "Environment": "dev",
              "Name": "couponmoa-ecr"
            },
            "timeouts": null
          },
          "sensitive_attributes": [],
          "private": "eyJlMmJmYjczMC1lY2FhLTExZTYtOGY4OC0zNDM2M2JjN2M0YzAiOnsiZGVsZXRlIjoxMjAwMDAwMDAwMDAwfX0="
        }
      ]
    },
    {
      "mode": "managed",
      "type": "aws_ecs_cluster",
      "name": "cluster",
      "provider": "provider[\"registry.terraform.io/hashicorp/aws\"]",
      "instances": [
        {
          "schema_version": 0,
          "attributes": {
            "arn": "arn:aws:ecs:ap-northeast-2:588738590244:cluster/couponmoa-dev-cluster",
            "capacity_providers": [],
            "configuration": [],
            "default_capacity_provider_strategy": [],
            "id": "arn:aws:ecs:ap-northeast-2:588738590244:cluster/couponmoa-dev-cluster",
            "name": "couponmoa-dev-cluster",
            "service_connect_defaults": [],
            "setting": [
              {
                "name": "containerInsights",
                "value": "disabled"
              }
            ],
            "tags": {
              "Environment": "dev",
              "Name": "couponmoa-ecs"
            },
            "tags_all": {
              "Environment": "dev",
              "Name": "couponmoa-ecs"
            }
          },
          "sensitive_attributes": [],
          "private": "bnVsbA=="
        }
      ]
    },
    {
      "mode": "managed",
      "type": "aws_ecs_service",
      "name": "gateway_service",
      "provider": "provider[\"registry.terraform.io/hashicorp/aws\"]",
      "instances": [
        {
          "schema_version": 0,
          "attributes": {
            "alarms": [],
            "capacity_provider_strategy": [],
            "cluster": "arn:aws:ecs:ap-northeast-2:588738590244:cluster/couponmoa-dev-cluster",
            "deployment_circuit_breaker": [
              {
                "enable": false,
                "rollback": false
              }
            ],
            "deployment_controller": [
              {
                "type": "ECS"
              }
            ],
            "deployment_maximum_percent": 200,
            "deployment_minimum_healthy_percent": 100,
            "desired_count": 1,
            "enable_ecs_managed_tags": false,
            "enable_execute_command": false,
            "force_new_deployment": null,
            "health_check_grace_period_seconds": 0,
            "iam_role": "aws-service-role",
            "id": "arn:aws:ecs:ap-northeast-2:588738590244:service/couponmoa-dev-cluster/couponmoa-dev-service",
            "launch_type": "FARGATE",
            "load_balancer": [
              {
                "container_name": "couponmoa-dev-container",
                "container_port": 3000,
                "elb_name": "",
                "target_group_arn": "arn:aws:elasticloadbalancing:ap-northeast-2:588738590244:targetgroup/couponmoa-dev-tg/35e260216b510caf"
              }
            ],
            "name": "couponmoa-dev-service",
            "network_configuration": [
              {
                "assign_public_ip": false,
                "security_groups": [
                  "sg-05538fa9311c926c1"
                ],
                "subnets": [
                  "subnet-0361809e3e1b2c823",
                  "subnet-0dd70213c95d724e6"
                ]
              }
            ],
            "ordered_placement_strategy": [],
            "placement_constraints": [],
            "platform_version": "LATEST",
            "propagate_tags": "NONE",
            "scheduling_strategy": "REPLICA",
            "service_connect_configuration": [],
            "service_registries": [],
            "tags": null,
            "tags_all": {},
            "task_definition": "couponmoa-gateway:3",
            "timeouts": null,
            "triggers": {},
            "wait_for_steady_state": false
          },
          "sensitive_attributes": [],
          "private": "eyJlMmJmYjczMC1lY2FhLTExZTYtOGY4OC0zNDM2M2JjN2M0YzAiOnsiY3JlYXRlIjoxMjAwMDAwMDAwMDAwLCJkZWxldGUiOjEyMDAwMDAwMDAwMDAsInVwZGF0ZSI6MTIwMDAwMDAwMDAwMH19",
          "dependencies": [
            "aws_ecr_repository.repository",
            "aws_ecs_cluster.cluster",
            "aws_ecs_task_definition.gateway_task",
            "aws_iam_role.execution_role",
            "aws_lb.alb",
            "aws_lb_listener.alb_listener",
            "aws_lb_target_group.ecs_tg",
            "aws_security_group.alb_sg",
            "aws_security_group.ecs_sg",
            "aws_subnet.private_subnet_1",
            "aws_subnet.private_subnet_2",
            "aws_subnet.public_subnet_1",
            "aws_subnet.public_subnet_2",
            "aws_vpc.vpc",
            "data.aws_ecs_task_definition.latest",
            "data.aws_iam_policy_document.assume_role_policy"
          ]
        }
      ]
    },
    {
      "mode": "managed",
      "type": "aws_ecs_service",
      "name": "msa_service",
      "provider": "provider[\"registry.terraform.io/hashicorp/aws\"]",
      "instances": [
        {
          "index_key": "coupon",
          "schema_version": 0,
          "attributes": {
            "alarms": [],
            "capacity_provider_strategy": [],
            "cluster": "arn:aws:ecs:ap-northeast-2:588738590244:cluster/couponmoa-dev-cluster",
            "deployment_circuit_breaker": [
              {
                "enable": false,
                "rollback": false
              }
            ],
            "deployment_controller": [
              {
                "type": "ECS"
              }
            ],
            "deployment_maximum_percent": 200,
            "deployment_minimum_healthy_percent": 100,
            "desired_count": 1,
            "enable_ecs_managed_tags": false,
            "enable_execute_command": false,
            "force_new_deployment": null,
            "health_check_grace_period_seconds": 0,
            "iam_role": "aws-service-role",
            "id": "arn:aws:ecs:ap-northeast-2:588738590244:service/couponmoa-dev-cluster/couponmoa-dev-coupon-service",
            "launch_type": "FARGATE",
            "load_balancer": [],
            "name": "couponmoa-dev-coupon-service",
            "network_configuration": [
              {
                "assign_public_ip": false,
                "security_groups": [
                  "sg-05538fa9311c926c1"
                ],
                "subnets": [
                  "subnet-0361809e3e1b2c823",
                  "subnet-0dd70213c95d724e6"
                ]
              }
            ],
            "ordered_placement_strategy": [],
            "placement_constraints": [],
            "platform_version": "LATEST",
            "propagate_tags": "NONE",
            "scheduling_strategy": "REPLICA",
            "service_connect_configuration": [],
            "service_registries": [
              {
                "container_name": "couponmoa-dev-coupon-container",
                "container_port": 0,
                "port": 0,
                "registry_arn": "arn:aws:servicediscovery:ap-northeast-2:588738590244:service/srv-m7h5o76uyq4qmwsl"
              }
            ],
            "tags": {},
            "tags_all": {},
            "task_definition": "couponmoa-coupon:4",
            "timeouts": null,
            "triggers": {},
            "wait_for_steady_state": false
          },
          "sensitive_attributes": [],
          "private": "eyJlMmJmYjczMC1lY2FhLTExZTYtOGY4OC0zNDM2M2JjN2M0YzAiOnsiY3JlYXRlIjoxMjAwMDAwMDAwMDAwLCJkZWxldGUiOjEyMDAwMDAwMDAwMDAsInVwZGF0ZSI6MTIwMDAwMDAwMDAwMH19",
          "dependencies": [
            "aws_ecr_repository.msa_repos",
            "aws_ecs_cluster.cluster",
            "aws_ecs_task_definition.msa_task",
            "aws_iam_role.execution_role",
            "aws_security_group.alb_sg",
            "aws_security_group.ecs_sg",
            "aws_service_discovery_private_dns_namespace.namespace",
            "aws_service_discovery_service.services",
            "aws_subnet.private_subnet_1",
            "aws_subnet.private_subnet_2",
            "aws_vpc.vpc",
            "data.aws_ecs_task_definition.msa_latest",
            "data.aws_iam_policy_document.assume_role_policy"
          ]
        },
        {
          "index_key": "notification",
          "schema_version": 0,
          "attributes": {
            "alarms": [],
            "capacity_provider_strategy": [],
            "cluster": "arn:aws:ecs:ap-northeast-2:588738590244:cluster/couponmoa-dev-cluster",
            "deployment_circuit_breaker": [
              {
                "enable": false,
                "rollback": false
              }
            ],
            "deployment_controller": [
              {
                "type": "ECS"
              }
            ],
            "deployment_maximum_percent": 200,
            "deployment_minimum_healthy_percent": 100,
            "desired_count": 1,
            "enable_ecs_managed_tags": false,
            "enable_execute_command": false,
            "force_new_deployment": null,
            "health_check_grace_period_seconds": 0,
            "iam_role": "aws-service-role",
            "id": "arn:aws:ecs:ap-northeast-2:588738590244:service/couponmoa-dev-cluster/couponmoa-dev-notification-service",
            "launch_type": "FARGATE",
            "load_balancer": [],
            "name": "couponmoa-dev-notification-service",
            "network_configuration": [
              {
                "assign_public_ip": false,
                "security_groups": [
                  "sg-05538fa9311c926c1"
                ],
                "subnets": [
                  "subnet-0361809e3e1b2c823",
                  "subnet-0dd70213c95d724e6"
                ]
              }
            ],
            "ordered_placement_strategy": [],
            "placement_constraints": [],
            "platform_version": "LATEST",
            "propagate_tags": "NONE",
            "scheduling_strategy": "REPLICA",
            "service_connect_configuration": [],
            "service_registries": [
              {
                "container_name": "couponmoa-dev-notification-container",
                "container_port": 0,
                "port": 0,
                "registry_arn": "arn:aws:servicediscovery:ap-northeast-2:588738590244:service/srv-3aszirnmx2h44eow"
              }
            ],
            "tags": {},
            "tags_all": {},
            "task_definition": "couponmoa-notification:4",
            "timeouts": null,
            "triggers": {},
            "wait_for_steady_state": false
          },
          "sensitive_attributes": [],
          "private": "eyJlMmJmYjczMC1lY2FhLTExZTYtOGY4OC0zNDM2M2JjN2M0YzAiOnsiY3JlYXRlIjoxMjAwMDAwMDAwMDAwLCJkZWxldGUiOjEyMDAwMDAwMDAwMDAsInVwZGF0ZSI6MTIwMDAwMDAwMDAwMH19",
          "dependencies": [
            "aws_ecr_repository.msa_repos",
            "aws_ecs_cluster.cluster",
            "aws_ecs_task_definition.msa_task",
            "aws_iam_role.execution_role",
            "aws_security_group.alb_sg",
            "aws_security_group.ecs_sg",
            "aws_service_discovery_private_dns_namespace.namespace",
            "aws_service_discovery_service.services",
            "aws_subnet.private_subnet_1",
            "aws_subnet.private_subnet_2",
            "aws_vpc.vpc",
            "data.aws_ecs_task_definition.msa_latest",
            "data.aws_iam_policy_document.assume_role_policy"
          ]
        },
        {
          "index_key": "scheduling",
          "schema_version": 0,
          "attributes": {
            "alarms": [],
            "capacity_provider_strategy": [],
            "cluster": "arn:aws:ecs:ap-northeast-2:588738590244:cluster/couponmoa-dev-cluster",
            "deployment_circuit_breaker": [
              {
                "enable": false,
                "rollback": false
              }
            ],
            "deployment_controller": [
              {
                "type": "ECS"
              }
            ],
            "deployment_maximum_percent": 200,
            "deployment_minimum_healthy_percent": 100,
            "desired_count": 1,
            "enable_ecs_managed_tags": false,
            "enable_execute_command": false,
            "force_new_deployment": null,
            "health_check_grace_period_seconds": 0,
            "iam_role": "aws-service-role",
            "id": "arn:aws:ecs:ap-northeast-2:588738590244:service/couponmoa-dev-cluster/couponmoa-dev-scheduling-service",
            "launch_type": "FARGATE",
            "load_balancer": [],
            "name": "couponmoa-dev-scheduling-service",
            "network_configuration": [
              {
                "assign_public_ip": false,
                "security_groups": [
                  "sg-05538fa9311c926c1"
                ],
                "subnets": [
                  "subnet-0361809e3e1b2c823",
                  "subnet-0dd70213c95d724e6"
                ]
              }
            ],
            "ordered_placement_strategy": [],
            "placement_constraints": [],
            "platform_version": "LATEST",
            "propagate_tags": "NONE",
            "scheduling_strategy": "REPLICA",
            "service_connect_configuration": [],
            "service_registries": [
              {
                "container_name": "couponmoa-dev-scheduling-container",
                "container_port": 0,
                "port": 0,
                "registry_arn": "arn:aws:servicediscovery:ap-northeast-2:588738590244:service/srv-77r7f4z6lvct2xyh"
              }
            ],
            "tags": {},
            "tags_all": {},
            "task_definition": "couponmoa-scheduling:4",
            "timeouts": null,
            "triggers": {},
            "wait_for_steady_state": false
          },
          "sensitive_attributes": [],
          "private": "eyJlMmJmYjczMC1lY2FhLTExZTYtOGY4OC0zNDM2M2JjN2M0YzAiOnsiY3JlYXRlIjoxMjAwMDAwMDAwMDAwLCJkZWxldGUiOjEyMDAwMDAwMDAwMDAsInVwZGF0ZSI6MTIwMDAwMDAwMDAwMH19",
          "dependencies": [
            "aws_ecr_repository.msa_repos",
            "aws_ecs_cluster.cluster",
            "aws_ecs_task_definition.msa_task",
            "aws_iam_role.execution_role",
            "aws_security_group.alb_sg",
            "aws_security_group.ecs_sg",
            "aws_service_discovery_private_dns_namespace.namespace",
            "aws_service_discovery_service.services",
            "aws_subnet.private_subnet_1",
            "aws_subnet.private_subnet_2",
            "aws_vpc.vpc",
            "data.aws_ecs_task_definition.msa_latest",
            "data.aws_iam_policy_document.assume_role_policy"
          ]
        },
        {
          "index_key": "store",
          "schema_version": 0,
          "attributes": {
            "alarms": [],
            "capacity_provider_strategy": [],
            "cluster": "arn:aws:ecs:ap-northeast-2:588738590244:cluster/couponmoa-dev-cluster",
            "deployment_circuit_breaker": [
              {
                "enable": false,
                "rollback": false
              }
            ],
            "deployment_controller": [
              {
                "type": "ECS"
              }
            ],
            "deployment_maximum_percent": 200,
            "deployment_minimum_healthy_percent": 100,
            "desired_count": 1,
            "enable_ecs_managed_tags": false,
            "enable_execute_command": false,
            "force_new_deployment": null,
            "health_check_grace_period_seconds": 0,
            "iam_role": "aws-service-role",
            "id": "arn:aws:ecs:ap-northeast-2:588738590244:service/couponmoa-dev-cluster/couponmoa-dev-store-service",
            "launch_type": "FARGATE",
            "load_balancer": [],
            "name": "couponmoa-dev-store-service",
            "network_configuration": [
              {
                "assign_public_ip": false,
                "security_groups": [
                  "sg-05538fa9311c926c1"
                ],
                "subnets": [
                  "subnet-0361809e3e1b2c823",
                  "subnet-0dd70213c95d724e6"
                ]
              }
            ],
            "ordered_placement_strategy": [],
            "placement_constraints": [],
            "platform_version": "LATEST",
            "propagate_tags": "NONE",
            "scheduling_strategy": "REPLICA",
            "service_connect_configuration": [],
            "service_registries": [
              {
                "container_name": "couponmoa-dev-store-container",
                "container_port": 0,
                "port": 0,
                "registry_arn": "arn:aws:servicediscovery:ap-northeast-2:588738590244:service/srv-s4qbpb7czju4x7ax"
              }
            ],
            "tags": {},
            "tags_all": {},
            "task_definition": "couponmoa-store:4",
            "timeouts": null,
            "triggers": {},
            "wait_for_steady_state": false
          },
          "sensitive_attributes": [],
          "private": "eyJlMmJmYjczMC1lY2FhLTExZTYtOGY4OC0zNDM2M2JjN2M0YzAiOnsiY3JlYXRlIjoxMjAwMDAwMDAwMDAwLCJkZWxldGUiOjEyMDAwMDAwMDAwMDAsInVwZGF0ZSI6MTIwMDAwMDAwMDAwMH19",
          "dependencies": [
            "aws_ecr_repository.msa_repos",
            "aws_ecs_cluster.cluster",
            "aws_ecs_task_definition.msa_task",
            "aws_iam_role.execution_role",
            "aws_security_group.alb_sg",
            "aws_security_group.ecs_sg",
            "aws_service_discovery_private_dns_namespace.namespace",
            "aws_service_discovery_service.services",
            "aws_subnet.private_subnet_1",
            "aws_subnet.private_subnet_2",
            "aws_vpc.vpc",
            "data.aws_ecs_task_definition.msa_latest",
            "data.aws_iam_policy_document.assume_role_policy"
          ]
        },
        {
          "index_key": "user",
          "schema_version": 0,
          "attributes": {
            "alarms": [],
            "capacity_provider_strategy": [],
            "cluster": "arn:aws:ecs:ap-northeast-2:588738590244:cluster/couponmoa-dev-cluster",
            "deployment_circuit_breaker": [
              {
                "enable": false,
                "rollback": false
              }
            ],
            "deployment_controller": [
              {
                "type": "ECS"
              }
            ],
            "deployment_maximum_percent": 200,
            "deployment_minimum_healthy_percent": 100,
            "desired_count": 1,
            "enable_ecs_managed_tags": false,
            "enable_execute_command": false,
            "force_new_deployment": null,
            "health_check_grace_period_seconds": 0,
            "iam_role": "aws-service-role",
            "id": "arn:aws:ecs:ap-northeast-2:588738590244:service/couponmoa-dev-cluster/couponmoa-dev-user-service",
            "launch_type": "FARGATE",
            "load_balancer": [],
            "name": "couponmoa-dev-user-service",
            "network_configuration": [
              {
                "assign_public_ip": false,
                "security_groups": [
                  "sg-05538fa9311c926c1"
                ],
                "subnets": [
                  "subnet-0361809e3e1b2c823",
                  "subnet-0dd70213c95d724e6"
                ]
              }
            ],
            "ordered_placement_strategy": [],
            "placement_constraints": [],
            "platform_version": "LATEST",
            "propagate_tags": "NONE",
            "scheduling_strategy": "REPLICA",
            "service_connect_configuration": [],
            "service_registries": [
              {
                "container_name": "couponmoa-dev-user-container",
                "container_port": 0,
                "port": 0,
                "registry_arn": "arn:aws:servicediscovery:ap-northeast-2:588738590244:service/srv-xglifgqonnrol4k7"
              }
            ],
            "tags": {},
            "tags_all": {},
            "task_definition": "couponmoa-user:4",
            "timeouts": null,
            "triggers": {},
            "wait_for_steady_state": false
          },
          "sensitive_attributes": [],
          "private": "eyJlMmJmYjczMC1lY2FhLTExZTYtOGY4OC0zNDM2M2JjN2M0YzAiOnsiY3JlYXRlIjoxMjAwMDAwMDAwMDAwLCJkZWxldGUiOjEyMDAwMDAwMDAwMDAsInVwZGF0ZSI6MTIwMDAwMDAwMDAwMH19",
          "dependencies": [
            "aws_ecr_repository.msa_repos",
            "aws_ecs_cluster.cluster",
            "aws_ecs_task_definition.msa_task",
            "aws_iam_role.execution_role",
            "aws_security_group.alb_sg",
            "aws_security_group.ecs_sg",
            "aws_service_discovery_private_dns_namespace.namespace",
            "aws_service_discovery_service.services",
            "aws_subnet.private_subnet_1",
            "aws_subnet.private_subnet_2",
            "aws_vpc.vpc",
            "data.aws_ecs_task_definition.msa_latest",
            "data.aws_iam_policy_document.assume_role_policy"
          ]
        }
      ]
    },
    {
      "mode": "managed",
      "type": "aws_ecs_service",
      "name": "redis_service",
      "provider": "provider[\"registry.terraform.io/hashicorp/aws\"]",
      "instances": [
        {
          "schema_version": 0,
          "attributes": {
            "alarms": [],
            "capacity_provider_strategy": [],
            "cluster": "arn:aws:ecs:ap-northeast-2:588738590244:cluster/couponmoa-dev-cluster",
            "deployment_circuit_breaker": [
              {
                "enable": false,
                "rollback": false
              }
            ],
            "deployment_controller": [
              {
                "type": "ECS"
              }
            ],
            "deployment_maximum_percent": 200,
            "deployment_minimum_healthy_percent": 100,
            "desired_count": 1,
            "enable_ecs_managed_tags": false,
            "enable_execute_command": false,
            "force_new_deployment": null,
            "health_check_grace_period_seconds": 0,
            "iam_role": "aws-service-role",
            "id": "arn:aws:ecs:ap-northeast-2:588738590244:service/couponmoa-dev-cluster/couponmoa-dev-redis-service",
            "launch_type": "FARGATE",
            "load_balancer": [],
            "name": "couponmoa-dev-redis-service",
            "network_configuration": [
              {
                "assign_public_ip": false,
                "security_groups": [
                  "sg-0be5b2fe3c410681e"
                ],
                "subnets": [
                  "subnet-0361809e3e1b2c823",
                  "subnet-0dd70213c95d724e6"
                ]
              }
            ],
            "ordered_placement_strategy": [],
            "placement_constraints": [],
            "platform_version": "LATEST",
            "propagate_tags": "NONE",
            "scheduling_strategy": "REPLICA",
            "service_connect_configuration": [],
            "service_registries": [],
            "tags": {},
            "tags_all": {},
            "task_definition": "arn:aws:ecs:ap-northeast-2:588738590244:task-definition/couponmoa-dev-redis:3",
            "timeouts": null,
            "triggers": {},
            "wait_for_steady_state": false
          },
          "sensitive_attributes": [],
          "private": "eyJlMmJmYjczMC1lY2FhLTExZTYtOGY4OC0zNDM2M2JjN2M0YzAiOnsiY3JlYXRlIjoxMjAwMDAwMDAwMDAwLCJkZWxldGUiOjEyMDAwMDAwMDAwMDAsInVwZGF0ZSI6MTIwMDAwMDAwMDAwMH19",
          "dependencies": [
            "aws_ecs_cluster.cluster",
            "aws_ecs_task_definition.redis_task",
            "aws_iam_role.execution_role",
            "aws_security_group.alb_sg",
            "aws_security_group.ecs_sg",
            "aws_security_group.redis_sg",
            "aws_subnet.private_subnet_1",
            "aws_subnet.private_subnet_2",
            "aws_vpc.vpc",
            "data.aws_iam_policy_document.assume_role_policy"
          ]
        }
      ]
    },
    {
      "mode": "managed",
      "type": "aws_ecs_task_definition",
      "name": "gateway_task",
      "provider": "provider[\"registry.terraform.io/hashicorp/aws\"]",
      "instances": [
        {
          "schema_version": 1,
          "attributes": {
            "arn": "arn:aws:ecs:ap-northeast-2:588738590244:task-definition/couponmoa-gateway:3",
            "container_definitions": "[{\"cpu\":256,\"environment\":[{\"name\":\"JWT_SECRET_KEY\",\"value\":\"HULfUlHgYuvQ0YIl9qHyQ0Fq4gZb5ZofLD0isNs7Xb+2FBsrs8HMUQpGyJTEcMNb2vott/0TtiuMkvIcmc/fYg==\"},{\"name\":\"REDIS_HOST\",\"value\":\"10.0.11.28\"},{\"name\":\"SPRING_PROFILES_ACTIVE\",\"value\":\"prod\"}],\"essential\":true,\"image\":\"588738590244.dkr.ecr.ap-northeast-2.amazonaws.com/couponmoa-dev-ecr:latest\",\"logConfiguration\":{\"logDriver\":\"awslogs\",\"options\":{\"awslogs-group\":\"/ecs/couponmoa\",\"awslogs-region\":\"ap-northeast-2\",\"awslogs-stream-prefix\":\"ecs\"}},\"memory\":512,\"mountPoints\":[],\"name\":\"couponmoa-dev-container\",\"portMappings\":[{\"containerPort\":3000,\"hostPort\":3000,\"protocol\":\"tcp\"}],\"systemControls\":[],\"volumesFrom\":[]}]",
            "cpu": "256",
            "ephemeral_storage": [],
            "execution_role_arn": "arn:aws:iam::588738590244:role/couponmoa-dev-ecs-execution-role",
            "family": "couponmoa-gateway",
            "id": "couponmoa-gateway",
            "inference_accelerator": [],
            "ipc_mode": "",
            "memory": "512",
            "network_mode": "awsvpc",
            "pid_mode": "",
            "placement_constraints": [],
            "proxy_configuration": [],
            "requires_compatibilities": [
              "FARGATE"
            ],
            "revision": 3,
            "runtime_platform": [],
            "skip_destroy": false,
            "tags": {
              "Environment": "dev",
              "Name": "couponmoa-ecs-task"
            },
            "tags_all": {
              "Environment": "dev",
              "Name": "couponmoa-ecs-task"
            },
            "task_role_arn": "arn:aws:iam::588738590244:role/couponmoa-dev-ecs-execution-role",
            "volume": []
          },
          "sensitive_attributes": [],
          "private": "eyJzY2hlbWFfdmVyc2lvbiI6IjEifQ==",
          "dependencies": [
            "aws_ecr_repository.repository",
            "aws_iam_role.execution_role",
            "data.aws_iam_policy_document.assume_role_policy"
          ]
        }
      ]
    },
    {
      "mode": "managed",
      "type": "aws_ecs_task_definition",
      "name": "msa_task",
      "provider": "provider[\"registry.terraform.io/hashicorp/aws\"]",
      "instances": [
        {
          "index_key": "coupon",
          "schema_version": 1,
          "attributes": {
            "arn": "arn:aws:ecs:ap-northeast-2:588738590244:task-definition/couponmoa-coupon:4",
            "container_definitions": "[{\"cpu\":256,\"environment\":[{\"name\":\"JWT_SECRET_KEY\",\"value\":\"HULfUlHgYuvQ0YIl9qHyQ0Fq4gZb5ZofLD0isNs7Xb+2FBsrs8HMUQpGyJTEcMNb2vott/0TtiuMkvIcmc/fYg==\"},{\"name\":\"RDS_PASSWORD\",\"value\":\"couponmoaRDS1234!\"},{\"name\":\"RDS_URL\",\"value\":\"couponmoa-dev-mysql.cf64qoec81q9.ap-northeast-2.rds.amazonaws.com:3306/couponmoa\"},{\"name\":\"RDS_USERNAME\",\"value\":\"root\"},{\"name\":\"REDIS_HOST\",\"value\":\"10.0.11.28\"},{\"name\":\"SPRING_PROFILES_ACTIVE\",\"value\":\"prod\"}],\"essential\":true,\"image\":\"588738590244.dkr.ecr.ap-northeast-2.amazonaws.com/couponmoa-dev-coupon-ecr:latest\",\"logConfiguration\":{\"logDriver\":\"awslogs\",\"options\":{\"awslogs-group\":\"/ecs/couponmoa\",\"awslogs-region\":\"ap-northeast-2\",\"awslogs-stream-prefix\":\"coupon\"}},\"memory\":512,\"mountPoints\":[],\"name\":\"couponmoa-dev-coupon-container\",\"portMappings\":[{\"containerPort\":8083,\"hostPort\":8083,\"protocol\":\"tcp\"}],\"systemControls\":[],\"volumesFrom\":[]}]",
            "cpu": "256",
            "ephemeral_storage": [],
            "execution_role_arn": "arn:aws:iam::588738590244:role/couponmoa-dev-ecs-execution-role",
            "family": "couponmoa-coupon",
            "id": "couponmoa-coupon",
            "inference_accelerator": [],
            "ipc_mode": "",
            "memory": "512",
            "network_mode": "awsvpc",
            "pid_mode": "",
            "placement_constraints": [],
            "proxy_configuration": [],
            "requires_compatibilities": [
              "FARGATE"
            ],
            "revision": 4,
            "runtime_platform": [],
            "skip_destroy": false,
            "tags": {
              "Environment": "dev",
              "Name": "couponmoa-coupon-task"
            },
            "tags_all": {
              "Environment": "dev",
              "Name": "couponmoa-coupon-task"
            },
            "task_role_arn": "arn:aws:iam::588738590244:role/couponmoa-dev-ecs-execution-role",
            "volume": []
          },
          "sensitive_attributes": [],
          "private": "eyJzY2hlbWFfdmVyc2lvbiI6IjEifQ==",
          "dependencies": [
            "aws_ecr_repository.msa_repos",
            "aws_iam_role.execution_role",
            "data.aws_iam_policy_document.assume_role_policy"
          ]
        },
        {
          "index_key": "notification",
          "schema_version": 1,
          "attributes": {
            "arn": "arn:aws:ecs:ap-northeast-2:588738590244:task-definition/couponmoa-notification:4",
            "container_definitions": "[{\"cpu\":256,\"environment\":[{\"name\":\"JWT_SECRET_KEY\",\"value\":\"HULfUlHgYuvQ0YIl9qHyQ0Fq4gZb5ZofLD0isNs7Xb+2FBsrs8HMUQpGyJTEcMNb2vott/0TtiuMkvIcmc/fYg==\"},{\"name\":\"RDS_PASSWORD\",\"value\":\"couponmoaRDS1234!\"},{\"name\":\"RDS_URL\",\"value\":\"couponmoa-dev-mysql.cf64qoec81q9.ap-northeast-2.rds.amazonaws.com:3306/couponmoa\"},{\"name\":\"RDS_USERNAME\",\"value\":\"root\"},{\"name\":\"REDIS_HOST\",\"value\":\"10.0.11.28\"},{\"name\":\"SPRING_PROFILES_ACTIVE\",\"value\":\"prod\"}],\"essential\":true,\"image\":\"588738590244.dkr.ecr.ap-northeast-2.amazonaws.com/couponmoa-dev-notification-ecr:latest\",\"logConfiguration\":{\"logDriver\":\"awslogs\",\"options\":{\"awslogs-group\":\"/ecs/couponmoa\",\"awslogs-region\":\"ap-northeast-2\",\"awslogs-stream-prefix\":\"notification\"}},\"memory\":512,\"mountPoints\":[],\"name\":\"couponmoa-dev-notification-container\",\"portMappings\":[{\"containerPort\":8084,\"hostPort\":8084,\"protocol\":\"tcp\"}],\"systemControls\":[],\"volumesFrom\":[]}]",
            "cpu": "256",
            "ephemeral_storage": [],
            "execution_role_arn": "arn:aws:iam::588738590244:role/couponmoa-dev-ecs-execution-role",
            "family": "couponmoa-notification",
            "id": "couponmoa-notification",
            "inference_accelerator": [],
            "ipc_mode": "",
            "memory": "512",
            "network_mode": "awsvpc",
            "pid_mode": "",
            "placement_constraints": [],
            "proxy_configuration": [],
            "requires_compatibilities": [
              "FARGATE"
            ],
            "revision": 4,
            "runtime_platform": [],
            "skip_destroy": false,
            "tags": {
              "Environment": "dev",
              "Name": "couponmoa-notification-task"
            },
            "tags_all": {
              "Environment": "dev",
              "Name": "couponmoa-notification-task"
            },
            "task_role_arn": "arn:aws:iam::588738590244:role/couponmoa-dev-ecs-execution-role",
            "volume": []
          },
          "sensitive_attributes": [],
          "private": "eyJzY2hlbWFfdmVyc2lvbiI6IjEifQ==",
          "dependencies": [
            "aws_ecr_repository.msa_repos",
            "aws_iam_role.execution_role",
            "data.aws_iam_policy_document.assume_role_policy"
          ]
        },
        {
          "index_key": "scheduling",
          "schema_version": 1,
          "attributes": {
            "arn": "arn:aws:ecs:ap-northeast-2:588738590244:task-definition/couponmoa-scheduling:4",
            "container_definitions": "[{\"cpu\":256,\"environment\":[{\"name\":\"JWT_SECRET_KEY\",\"value\":\"HULfUlHgYuvQ0YIl9qHyQ0Fq4gZb5ZofLD0isNs7Xb+2FBsrs8HMUQpGyJTEcMNb2vott/0TtiuMkvIcmc/fYg==\"},{\"name\":\"RDS_PASSWORD\",\"value\":\"couponmoaRDS1234!\"},{\"name\":\"RDS_URL\",\"value\":\"couponmoa-dev-mysql.cf64qoec81q9.ap-northeast-2.rds.amazonaws.com:3306/couponmoa\"},{\"name\":\"RDS_USERNAME\",\"value\":\"root\"},{\"name\":\"REDIS_HOST\",\"value\":\"10.0.11.28\"},{\"name\":\"SPRING_PROFILES_ACTIVE\",\"value\":\"prod\"}],\"essential\":true,\"image\":\"588738590244.dkr.ecr.ap-northeast-2.amazonaws.com/couponmoa-dev-scheduling-ecr:latest\",\"logConfiguration\":{\"logDriver\":\"awslogs\",\"options\":{\"awslogs-group\":\"/ecs/couponmoa\",\"awslogs-region\":\"ap-northeast-2\",\"awslogs-stream-prefix\":\"scheduling\"}},\"memory\":512,\"mountPoints\":[],\"name\":\"couponmoa-dev-scheduling-container\",\"portMappings\":[{\"containerPort\":8085,\"hostPort\":8085,\"protocol\":\"tcp\"}],\"systemControls\":[],\"volumesFrom\":[]}]",
            "cpu": "256",
            "ephemeral_storage": [],
            "execution_role_arn": "arn:aws:iam::588738590244:role/couponmoa-dev-ecs-execution-role",
            "family": "couponmoa-scheduling",
            "id": "couponmoa-scheduling",
            "inference_accelerator": [],
            "ipc_mode": "",
            "memory": "512",
            "network_mode": "awsvpc",
            "pid_mode": "",
            "placement_constraints": [],
            "proxy_configuration": [],
            "requires_compatibilities": [
              "FARGATE"
            ],
            "revision": 4,
            "runtime_platform": [],
            "skip_destroy": false,
            "tags": {
              "Environment": "dev",
              "Name": "couponmoa-scheduling-task"
            },
            "tags_all": {
              "Environment": "dev",
              "Name": "couponmoa-scheduling-task"
            },
            "task_role_arn": "arn:aws:iam::588738590244:role/couponmoa-dev-ecs-execution-role",
            "volume": []
          },
          "sensitive_attributes": [],
          "private": "eyJzY2hlbWFfdmVyc2lvbiI6IjEifQ==",
          "dependencies": [
            "aws_ecr_repository.msa_repos",
            "aws_iam_role.execution_role",
            "data.aws_iam_policy_document.assume_role_policy"
          ]
        },
        {
          "index_key": "store",
          "schema_version": 1,
          "attributes": {
            "arn": "arn:aws:ecs:ap-northeast-2:588738590244:task-definition/couponmoa-store:4",
            "container_definitions": "[{\"cpu\":256,\"environment\":[{\"name\":\"JWT_SECRET_KEY\",\"value\":\"HULfUlHgYuvQ0YIl9qHyQ0Fq4gZb5ZofLD0isNs7Xb+2FBsrs8HMUQpGyJTEcMNb2vott/0TtiuMkvIcmc/fYg==\"},{\"name\":\"RDS_PASSWORD\",\"value\":\"couponmoaRDS1234!\"},{\"name\":\"RDS_URL\",\"value\":\"couponmoa-dev-mysql.cf64qoec81q9.ap-northeast-2.rds.amazonaws.com:3306/couponmoa\"},{\"name\":\"RDS_USERNAME\",\"value\":\"root\"},{\"name\":\"REDIS_HOST\",\"value\":\"10.0.11.28\"},{\"name\":\"SPRING_PROFILES_ACTIVE\",\"value\":\"prod\"}],\"essential\":true,\"image\":\"588738590244.dkr.ecr.ap-northeast-2.amazonaws.com/couponmoa-dev-store-ecr:latest\",\"logConfiguration\":{\"logDriver\":\"awslogs\",\"options\":{\"awslogs-group\":\"/ecs/couponmoa\",\"awslogs-region\":\"ap-northeast-2\",\"awslogs-stream-prefix\":\"store\"}},\"memory\":512,\"mountPoints\":[],\"name\":\"couponmoa-dev-store-container\",\"portMappings\":[{\"containerPort\":8082,\"hostPort\":8082,\"protocol\":\"tcp\"}],\"systemControls\":[],\"volumesFrom\":[]}]",
            "cpu": "256",
            "ephemeral_storage": [],
            "execution_role_arn": "arn:aws:iam::588738590244:role/couponmoa-dev-ecs-execution-role",
            "family": "couponmoa-store",
            "id": "couponmoa-store",
            "inference_accelerator": [],
            "ipc_mode": "",
            "memory": "512",
            "network_mode": "awsvpc",
            "pid_mode": "",
            "placement_constraints": [],
            "proxy_configuration": [],
            "requires_compatibilities": [
              "FARGATE"
            ],
            "revision": 4,
            "runtime_platform": [],
            "skip_destroy": false,
            "tags": {
              "Environment": "dev",
              "Name": "couponmoa-store-task"
            },
            "tags_all": {
              "Environment": "dev",
              "Name": "couponmoa-store-task"
            },
            "task_role_arn": "arn:aws:iam::588738590244:role/couponmoa-dev-ecs-execution-role",
            "volume": []
          },
          "sensitive_attributes": [],
          "private": "eyJzY2hlbWFfdmVyc2lvbiI6IjEifQ==",
          "dependencies": [
            "aws_ecr_repository.msa_repos",
            "aws_iam_role.execution_role",
            "data.aws_iam_policy_document.assume_role_policy"
          ]
        },
        {
          "index_key": "user",
          "schema_version": 1,
          "attributes": {
            "arn": "arn:aws:ecs:ap-northeast-2:588738590244:task-definition/couponmoa-user:4",
            "container_definitions": "[{\"cpu\":256,\"environment\":[{\"name\":\"JWT_SECRET_KEY\",\"value\":\"HULfUlHgYuvQ0YIl9qHyQ0Fq4gZb5ZofLD0isNs7Xb+2FBsrs8HMUQpGyJTEcMNb2vott/0TtiuMkvIcmc/fYg==\"},{\"name\":\"RDS_PASSWORD\",\"value\":\"couponmoaRDS1234!\"},{\"name\":\"RDS_URL\",\"value\":\"couponmoa-dev-mysql.cf64qoec81q9.ap-northeast-2.rds.amazonaws.com:3306/couponmoa\"},{\"name\":\"RDS_USERNAME\",\"value\":\"root\"},{\"name\":\"REDIS_HOST\",\"value\":\"10.0.11.28\"},{\"name\":\"SPRING_PROFILES_ACTIVE\",\"value\":\"prod\"}],\"essential\":true,\"image\":\"588738590244.dkr.ecr.ap-northeast-2.amazonaws.com/couponmoa-dev-user-ecr:latest\",\"logConfiguration\":{\"logDriver\":\"awslogs\",\"options\":{\"awslogs-group\":\"/ecs/couponmoa\",\"awslogs-region\":\"ap-northeast-2\",\"awslogs-stream-prefix\":\"user\"}},\"memory\":512,\"mountPoints\":[],\"name\":\"couponmoa-dev-user-container\",\"portMappings\":[{\"containerPort\":8081,\"hostPort\":8081,\"protocol\":\"tcp\"}],\"systemControls\":[],\"volumesFrom\":[]}]",
            "cpu": "256",
            "ephemeral_storage": [],
            "execution_role_arn": "arn:aws:iam::588738590244:role/couponmoa-dev-ecs-execution-role",
            "family": "couponmoa-user",
            "id": "couponmoa-user",
            "inference_accelerator": [],
            "ipc_mode": "",
            "memory": "512",
            "network_mode": "awsvpc",
            "pid_mode": "",
            "placement_constraints": [],
            "proxy_configuration": [],
            "requires_compatibilities": [
              "FARGATE"
            ],
            "revision": 4,
            "runtime_platform": [],
            "skip_destroy": false,
            "tags": {
              "Environment": "dev",
              "Name": "couponmoa-user-task"
            },
            "tags_all": {
              "Environment": "dev",
              "Name": "couponmoa-user-task"
            },
            "task_role_arn": "arn:aws:iam::588738590244:role/couponmoa-dev-ecs-execution-role",
            "volume": []
          },
          "sensitive_attributes": [],
          "private": "eyJzY2hlbWFfdmVyc2lvbiI6IjEifQ==",
          "dependencies": [
            "aws_ecr_repository.msa_repos",
            "aws_iam_role.execution_role",
            "data.aws_iam_policy_document.assume_role_policy"
          ]
        }
      ]
    },
    {
      "mode": "managed",
      "type": "aws_ecs_task_definition",
      "name": "redis_task",
      "provider": "provider[\"registry.terraform.io/hashicorp/aws\"]",
      "instances": [
        {
          "schema_version": 1,
          "attributes": {
            "arn": "arn:aws:ecs:ap-northeast-2:588738590244:task-definition/couponmoa-dev-redis:3",
            "container_definitions": "[{\"cpu\":256,\"environment\":[],\"essential\":true,\"image\":\"redis:7.2\",\"memory\":512,\"mountPoints\":[],\"name\":\"couponmoa-dev-redis-container\",\"portMappings\":[{\"containerPort\":6379,\"hostPort\":6379,\"protocol\":\"tcp\"}],\"systemControls\":[],\"volumesFrom\":[]}]",
            "cpu": "256",
            "ephemeral_storage": [],
            "execution_role_arn": "arn:aws:iam::588738590244:role/couponmoa-dev-ecs-execution-role",
            "family": "couponmoa-dev-redis",
            "id": "couponmoa-dev-redis",
            "inference_accelerator": [],
            "ipc_mode": "",
            "memory": "512",
            "network_mode": "awsvpc",
            "pid_mode": "",
            "placement_constraints": [],
            "proxy_configuration": [],
            "requires_compatibilities": [
              "FARGATE"
            ],
            "revision": 3,
            "runtime_platform": [],
            "skip_destroy": false,
            "tags": {
              "Environment": "dev",
              "Name": "couponmoa-redis-task"
            },
            "tags_all": {
              "Environment": "dev",
              "Name": "couponmoa-redis-task"
            },
            "task_role_arn": "arn:aws:iam::588738590244:role/couponmoa-dev-ecs-execution-role",
            "volume": []
          },
          "sensitive_attributes": [],
          "private": "eyJzY2hlbWFfdmVyc2lvbiI6IjEifQ==",
          "dependencies": [
            "aws_iam_role.execution_role",
            "data.aws_iam_policy_document.assume_role_policy"
          ]
        }
      ]
    },
    {
      "mode": "managed",
      "type": "aws_eip",
      "name": "nat_eip",
      "provider": "provider[\"registry.terraform.io/hashicorp/aws\"]",
      "instances": [
        {
          "schema_version": 0,
          "attributes": {
            "address": null,
            "allocation_id": "eipalloc-0fc8849a6e4e856c2",
            "associate_with_private_ip": null,
            "association_id": "",
            "carrier_ip": "",
            "customer_owned_ip": "",
            "customer_owned_ipv4_pool": "",
            "domain": "vpc",
            "id": "eipalloc-0fc8849a6e4e856c2",
            "instance": "",
            "network_border_group": "ap-northeast-2",
            "network_interface": "",
            "private_dns": null,
            "private_ip": "",
            "public_dns": "ec2-43-200-224-97.ap-northeast-2.compute.amazonaws.com",
            "public_ip": "43.200.224.97",
            "public_ipv4_pool": "amazon",
            "tags": {
              "Environment": "dev",
              "Name": "couponmoa-nat-eip"
            },
            "tags_all": {
              "Environment": "dev",
              "Name": "couponmoa-nat-eip"
            },
            "timeouts": {
              "delete": null,
              "read": null,
              "update": null
            },
            "vpc": true
          },
          "sensitive_attributes": [],
          "private": "eyJlMmJmYjczMC1lY2FhLTExZTYtOGY4OC0zNDM2M2JjN2M0YzAiOnsiZGVsZXRlIjoxODAwMDAwMDAwMDAsInJlYWQiOjkwMDAwMDAwMDAwMCwidXBkYXRlIjozMDAwMDAwMDAwMDB9LCJzY2hlbWFfdmVyc2lvbiI6IjAifQ==",
          "dependencies": [
            "aws_internet_gateway.igw",
            "aws_vpc.vpc"
          ],
          "create_before_destroy": true
        }
      ]
    },
    {
      "mode": "managed",
      "type": "aws_iam_policy",
      "name": "rds_access",
      "provider": "provider[\"registry.terraform.io/hashicorp/aws\"]",
      "instances": [
        {
          "schema_version": 0,
          "attributes": {
            "arn": "arn:aws:iam::588738590244:policy/couponmoa-dev-rds-access",
            "description": "",
            "id": "arn:aws:iam::588738590244:policy/couponmoa-dev-rds-access",
            "name": "couponmoa-dev-rds-access",
            "name_prefix": null,
            "path": "/",
            "policy": "{\"Statement\":[{\"Action\":[\"rds:DescribeDBInstances\",\"rds:DescribeDBClusters\"],\"Effect\":\"Allow\",\"Resource\":\"*\"}],\"Version\":\"2012-10-17\"}",
            "policy_id": "ANPAYSE4N6YSPTWB4NHNF",
            "tags": {},
            "tags_all": {}
          },
          "sensitive_attributes": [],
          "private": "eyJzY2hlbWFfdmVyc2lvbiI6IjAifQ=="
        }
      ]
    },
    {
      "mode": "managed",
      "type": "aws_iam_policy",
      "name": "redis_access",
      "provider": "provider[\"registry.terraform.io/hashicorp/aws\"]",
      "instances": [
        {
          "schema_version": 0,
          "attributes": {
            "arn": "arn:aws:iam::588738590244:policy/couponmoa-dev-redis-access",
            "description": "",
            "id": "arn:aws:iam::588738590244:policy/couponmoa-dev-redis-access",
            "name": "couponmoa-dev-redis-access",
            "name_prefix": null,
            "path": "/",
            "policy": "{\"Statement\":[{\"Action\":[\"elasticache:DescribeCacheClusters\",\"elasticache:ListTagsForResource\"],\"Effect\":\"Allow\",\"Resource\":\"*\"}],\"Version\":\"2012-10-17\"}",
            "policy_id": "ANPAYSE4N6YSGAIEC2UGN",
            "tags": {},
            "tags_all": {}
          },
          "sensitive_attributes": [],
          "private": "eyJzY2hlbWFfdmVyc2lvbiI6IjAifQ=="
        }
      ]
    },
    {
      "mode": "managed",
      "type": "aws_iam_policy",
      "name": "s3_user_profile_access",
      "provider": "provider[\"registry.terraform.io/hashicorp/aws\"]",
      "instances": [
        {
          "schema_version": 0,
          "attributes": {
            "arn": "arn:aws:iam::588738590244:policy/couponmoa-dev-s3-access",
            "description": "",
            "id": "arn:aws:iam::588738590244:policy/couponmoa-dev-s3-access",
            "name": "couponmoa-dev-s3-access",
            "name_prefix": null,
            "path": "/",
            "policy": "{\"Statement\":[{\"Action\":[\"s3:GetObject\",\"s3:PutObject\",\"s3:DeleteObject\"],\"Effect\":\"Allow\",\"Resource\":\"arn:aws:s3:::couponmoa-user-profile-prod/*\"}],\"Version\":\"2012-10-17\"}",
            "policy_id": "ANPAYSE4N6YSI2I7K6SOG",
            "tags": {},
            "tags_all": {}
          },
          "sensitive_attributes": [],
          "private": "eyJzY2hlbWFfdmVyc2lvbiI6IjAifQ=="
        }
      ]
    },
    {
      "mode": "managed",
      "type": "aws_iam_policy",
      "name": "sqs_access",
      "provider": "provider[\"registry.terraform.io/hashicorp/aws\"]",
      "instances": [
        {
          "schema_version": 0,
          "attributes": {
            "arn": "arn:aws:iam::588738590244:policy/couponmoa-dev-sqs-access",
            "description": "",
            "id": "arn:aws:iam::588738590244:policy/couponmoa-dev-sqs-access",
            "name": "couponmoa-dev-sqs-access",
            "name_prefix": null,
            "path": "/",
            "policy": "{\"Statement\":[{\"Action\":[\"sqs:SendMessage\",\"sqs:ReceiveMessage\",\"sqs:DeleteMessage\",\"sqs:GetQueueAttributes\"],\"Effect\":\"Allow\",\"Resource\":\"*\"}],\"Version\":\"2012-10-17\"}",
            "policy_id": "ANPAYSE4N6YSKADEOXNMY",
            "tags": {},
            "tags_all": {}
          },
          "sensitive_attributes": [],
          "private": "eyJzY2hlbWFfdmVyc2lvbiI6IjAifQ=="
        }
      ]
    },
    {
      "mode": "managed",
      "type": "aws_iam_role",
      "name": "execution_role",
      "provider": "provider[\"registry.terraform.io/hashicorp/aws\"]",
      "instances": [
        {
          "schema_version": 0,
          "attributes": {
            "arn": "arn:aws:iam::588738590244:role/couponmoa-dev-ecs-execution-role",
            "assume_role_policy": "{\"Statement\":[{\"Action\":\"sts:AssumeRole\",\"Effect\":\"Allow\",\"Principal\":{\"Service\":\"ecs-tasks.amazonaws.com\"},\"Sid\":\"\"}],\"Version\":\"2012-10-17\"}",
            "create_date": "2025-04-25T11:50:15Z",
            "description": "",
            "force_detach_policies": false,
            "id": "couponmoa-dev-ecs-execution-role",
            "inline_policy": [],
            "managed_policy_arns": [
              "arn:aws:iam::588738590244:policy/couponmoa-dev-rds-access",
              "arn:aws:iam::588738590244:policy/couponmoa-dev-redis-access",
              "arn:aws:iam::588738590244:policy/couponmoa-dev-s3-access",
              "arn:aws:iam::588738590244:policy/couponmoa-dev-sqs-access",
              "arn:aws:iam::aws:policy/service-role/AmazonECSTaskExecutionRolePolicy"
            ],
            "max_session_duration": 3600,
            "name": "couponmoa-dev-ecs-execution-role",
            "name_prefix": "",
            "path": "/",
            "permissions_boundary": null,
            "tags": {
              "Environment": "dev",
              "Name": "couponmoa-ecs-role"
            },
            "tags_all": {
              "Environment": "dev",
              "Name": "couponmoa-ecs-role"
            },
            "unique_id": "AROAYSE4N6YSJONRSLM25"
          },
          "sensitive_attributes": [],
          "private": "eyJzY2hlbWFfdmVyc2lvbiI6IjAifQ==",
          "dependencies": [
            "data.aws_iam_policy_document.assume_role_policy"
          ]
        }
      ]
    },
    {
      "mode": "managed",
      "type": "aws_iam_role_policy_attachment",
      "name": "attach_rds_policy",
      "provider": "provider[\"registry.terraform.io/hashicorp/aws\"]",
      "instances": [
        {
          "schema_version": 0,
          "attributes": {
            "id": "couponmoa-dev-ecs-execution-role-20250426010448139300000005",
            "policy_arn": "arn:aws:iam::588738590244:policy/couponmoa-dev-rds-access",
            "role": "couponmoa-dev-ecs-execution-role"
          },
          "sensitive_attributes": [],
          "private": "bnVsbA==",
          "dependencies": [
            "aws_iam_policy.rds_access",
            "aws_iam_role.execution_role",
            "data.aws_iam_policy_document.assume_role_policy"
          ]
        }
      ]
    },
    {
      "mode": "managed",
      "type": "aws_iam_role_policy_attachment",
      "name": "attach_redis_policy",
      "provider": "provider[\"registry.terraform.io/hashicorp/aws\"]",
      "instances": [
        {
          "schema_version": 0,
          "attributes": {
            "id": "couponmoa-dev-ecs-execution-role-20250426010448139300000004",
            "policy_arn": "arn:aws:iam::588738590244:policy/couponmoa-dev-redis-access",
            "role": "couponmoa-dev-ecs-execution-role"
          },
          "sensitive_attributes": [],
          "private": "bnVsbA==",
          "dependencies": [
            "aws_iam_policy.redis_access",
            "aws_iam_role.execution_role",
            "data.aws_iam_policy_document.assume_role_policy"
          ]
        }
      ]
    },
    {
      "mode": "managed",
      "type": "aws_iam_role_policy_attachment",
      "name": "attach_s3_policy",
      "provider": "provider[\"registry.terraform.io/hashicorp/aws\"]",
      "instances": [
        {
          "schema_version": 0,
          "attributes": {
            "id": "couponmoa-dev-ecs-execution-role-20250426010448084500000002",
            "policy_arn": "arn:aws:iam::588738590244:policy/couponmoa-dev-s3-access",
            "role": "couponmoa-dev-ecs-execution-role"
          },
          "sensitive_attributes": [],
          "private": "bnVsbA==",
          "dependencies": [
            "aws_iam_policy.s3_user_profile_access",
            "aws_iam_role.execution_role",
            "data.aws_iam_policy_document.assume_role_policy"
          ]
        }
      ]
    },
    {
      "mode": "managed",
      "type": "aws_iam_role_policy_attachment",
      "name": "attach_sqs_policy",
      "provider": "provider[\"registry.terraform.io/hashicorp/aws\"]",
      "instances": [
        {
          "schema_version": 0,
          "attributes": {
            "id": "couponmoa-dev-ecs-execution-role-20250426010448319200000006",
            "policy_arn": "arn:aws:iam::588738590244:policy/couponmoa-dev-sqs-access",
            "role": "couponmoa-dev-ecs-execution-role"
          },
          "sensitive_attributes": [],
          "private": "bnVsbA==",
          "dependencies": [
            "aws_iam_policy.sqs_access",
            "aws_iam_role.execution_role",
            "data.aws_iam_policy_document.assume_role_policy"
          ]
        }
      ]
    },
    {
      "mode": "managed",
      "type": "aws_iam_role_policy_attachment",
      "name": "ecs_execution_policy",
      "provider": "provider[\"registry.terraform.io/hashicorp/aws\"]",
      "instances": [
        {
          "schema_version": 0,
          "attributes": {
            "id": "couponmoa-dev-ecs-execution-role-20250426010448139300000003",
            "policy_arn": "arn:aws:iam::aws:policy/service-role/AmazonECSTaskExecutionRolePolicy",
            "role": "couponmoa-dev-ecs-execution-role"
          },
          "sensitive_attributes": [],
          "private": "bnVsbA==",
          "dependencies": [
            "aws_iam_role.execution_role",
            "data.aws_iam_policy_document.assume_role_policy"
          ]
        }
      ]
    },
    {
      "mode": "managed",
      "type": "aws_internet_gateway",
      "name": "igw",
      "provider": "provider[\"registry.terraform.io/hashicorp/aws\"]",
      "instances": [
        {
          "schema_version": 0,
          "attributes": {
            "arn": "arn:aws:ec2:ap-northeast-2:588738590244:internet-gateway/igw-07342d1072b79ec3b",
            "id": "igw-07342d1072b79ec3b",
            "owner_id": "588738590244",
            "tags": {
              "Environment": "dev",
              "Name": "couponmoa-igw"
            },
            "tags_all": {
              "Environment": "dev",
              "Name": "couponmoa-igw"
            },
            "timeouts": null,
            "vpc_id": "vpc-0623c2663f8d2a795"
          },
          "sensitive_attributes": [],
          "private": "eyJlMmJmYjczMC1lY2FhLTExZTYtOGY4OC0zNDM2M2JjN2M0YzAiOnsiY3JlYXRlIjoxMjAwMDAwMDAwMDAwLCJkZWxldGUiOjEyMDAwMDAwMDAwMDAsInVwZGF0ZSI6MTIwMDAwMDAwMDAwMH19",
          "dependencies": [
            "aws_vpc.vpc"
          ],
          "create_before_destroy": true
        }
      ]
    },
    {
      "mode": "managed",
      "type": "aws_lb",
      "name": "alb",
      "provider": "provider[\"registry.terraform.io/hashicorp/aws\"]",
      "instances": [
        {
          "schema_version": 0,
          "attributes": {
            "access_logs": [
              {
                "bucket": "",
                "enabled": false,
                "prefix": ""
              }
            ],
            "arn": "arn:aws:elasticloadbalancing:ap-northeast-2:588738590244:loadbalancer/app/couponmoa-dev-alb/ca9401a299ad861a",
            "arn_suffix": "app/couponmoa-dev-alb/ca9401a299ad861a",
            "customer_owned_ipv4_pool": "",
            "desync_mitigation_mode": "defensive",
            "dns_name": "couponmoa-dev-alb-1847512713.ap-northeast-2.elb.amazonaws.com",
            "drop_invalid_header_fields": false,
            "enable_cross_zone_load_balancing": true,
            "enable_deletion_protection": false,
            "enable_http2": true,
            "enable_waf_fail_open": false,
            "id": "arn:aws:elasticloadbalancing:ap-northeast-2:588738590244:loadbalancer/app/couponmoa-dev-alb/ca9401a299ad861a",
            "idle_timeout": 60,
            "internal": false,
            "ip_address_type": "ipv4",
            "load_balancer_type": "application",
            "name": "couponmoa-dev-alb",
            "name_prefix": null,
            "preserve_host_header": false,
            "security_groups": [
              "sg-0209661124c49b33e"
            ],
            "subnet_mapping": [
              {
                "allocation_id": "",
                "ipv6_address": "",
                "outpost_id": "",
                "private_ipv4_address": "",
                "subnet_id": "subnet-0e0b66d4e1793a676"
              },
              {
                "allocation_id": "",
                "ipv6_address": "",
                "outpost_id": "",
                "private_ipv4_address": "",
                "subnet_id": "subnet-0f8856ce64a7b4f25"
              }
            ],
            "subnets": [
              "subnet-0e0b66d4e1793a676",
              "subnet-0f8856ce64a7b4f25"
            ],
            "tags": {
              "Environment": "dev",
              "Name": "couponmoa-alb"
            },
            "tags_all": {
              "Environment": "dev",
              "Name": "couponmoa-alb"
            },
            "timeouts": null,
            "vpc_id": "vpc-0623c2663f8d2a795",
            "zone_id": "ZWKZPGTI48KDX"
          },
          "sensitive_attributes": [],
          "private": "eyJlMmJmYjczMC1lY2FhLTExZTYtOGY4OC0zNDM2M2JjN2M0YzAiOnsiY3JlYXRlIjo2MDAwMDAwMDAwMDAsImRlbGV0ZSI6NjAwMDAwMDAwMDAwLCJ1cGRhdGUiOjYwMDAwMDAwMDAwMH19",
          "dependencies": [
            "aws_security_group.alb_sg",
            "aws_subnet.public_subnet_1",
            "aws_subnet.public_subnet_2",
            "aws_vpc.vpc"
          ]
        }
      ]
    },
    {
      "mode": "managed",
      "type": "aws_lb_listener",
      "name": "alb_listener",
      "provider": "provider[\"registry.terraform.io/hashicorp/aws\"]",
      "instances": [
        {
          "schema_version": 0,
          "attributes": {
            "alpn_policy": null,
            "arn": "arn:aws:elasticloadbalancing:ap-northeast-2:588738590244:listener/app/couponmoa-dev-alb/ca9401a299ad861a/516b2cd580a04d09",
            "certificate_arn": null,
            "default_action": [
              {
                "authenticate_cognito": [],
                "authenticate_oidc": [],
                "fixed_response": [],
                "forward": [],
                "order": 1,
                "redirect": [],
                "target_group_arn": "arn:aws:elasticloadbalancing:ap-northeast-2:588738590244:targetgroup/couponmoa-dev-tg/35e260216b510caf",
                "type": "forward"
              }
            ],
            "id": "arn:aws:elasticloadbalancing:ap-northeast-2:588738590244:listener/app/couponmoa-dev-alb/ca9401a299ad861a/516b2cd580a04d09",
            "load_balancer_arn": "arn:aws:elasticloadbalancing:ap-northeast-2:588738590244:loadbalancer/app/couponmoa-dev-alb/ca9401a299ad861a",
            "port": 80,
            "protocol": "HTTP",
            "ssl_policy": "",
            "tags": null,
            "tags_all": {},
            "timeouts": null
          },
          "sensitive_attributes": [],
          "private": "eyJlMmJmYjczMC1lY2FhLTExZTYtOGY4OC0zNDM2M2JjN2M0YzAiOnsicmVhZCI6NjAwMDAwMDAwMDAwfX0=",
          "dependencies": [
            "aws_lb.alb",
            "aws_lb_target_group.ecs_tg",
            "aws_security_group.alb_sg",
            "aws_subnet.public_subnet_1",
            "aws_subnet.public_subnet_2",
            "aws_vpc.vpc"
          ]
        }
      ]
    },
    {
      "mode": "managed",
      "type": "aws_lb_target_group",
      "name": "ecs_tg",
      "provider": "provider[\"registry.terraform.io/hashicorp/aws\"]",
      "instances": [
        {
          "schema_version": 0,
          "attributes": {
            "arn": "arn:aws:elasticloadbalancing:ap-northeast-2:588738590244:targetgroup/couponmoa-dev-tg/35e260216b510caf",
            "arn_suffix": "targetgroup/couponmoa-dev-tg/35e260216b510caf",
            "connection_termination": false,
            "deregistration_delay": "300",
            "health_check": [
              {
                "enabled": true,
                "healthy_threshold": 3,
                "interval": 300,
                "matcher": "200",
                "path": "/actuator/health",
                "port": "traffic-port",
                "protocol": "HTTP",
                "timeout": 10,
                "unhealthy_threshold": 2
              }
            ],
            "id": "arn:aws:elasticloadbalancing:ap-northeast-2:588738590244:targetgroup/couponmoa-dev-tg/35e260216b510caf",
            "ip_address_type": "ipv4",
            "lambda_multi_value_headers_enabled": false,
            "load_balancing_algorithm_type": "round_robin",
            "name": "couponmoa-dev-tg",
            "name_prefix": null,
            "port": 3000,
            "preserve_client_ip": null,
            "protocol": "HTTP",
            "protocol_version": "HTTP1",
            "proxy_protocol_v2": false,
            "slow_start": 0,
            "stickiness": [
              {
                "cookie_duration": 86400,
                "cookie_name": "",
                "enabled": false,
                "type": "lb_cookie"
              }
            ],
            "tags": {
              "Environment": "dev",
              "Name": "couponmoa-tg"
            },
            "tags_all": {
              "Environment": "dev",
              "Name": "couponmoa-tg"
            },
            "target_failover": [
              {
                "on_deregistration": null,
                "on_unhealthy": null
              }
            ],
            "target_type": "ip",
            "vpc_id": "vpc-0623c2663f8d2a795"
          },
          "sensitive_attributes": [],
          "private": "bnVsbA==",
          "dependencies": [
            "aws_vpc.vpc"
          ]
        }
      ]
    },
    {
      "mode": "managed",
      "type": "aws_nat_gateway",
      "name": "nat",
      "provider": "provider[\"registry.terraform.io/hashicorp/aws\"]",
      "instances": [
        {
          "schema_version": 0,
          "attributes": {
            "allocation_id": "eipalloc-0fc8849a6e4e856c2",
            "connectivity_type": "public",
            "id": "nat-03b72ebc72a505525",
            "network_interface_id": "eni-000c57c61bb318c96",
            "private_ip": "10.0.0.161",
            "public_ip": "43.200.224.97",
            "subnet_id": "subnet-0e0b66d4e1793a676",
            "tags": {
              "Environment": "dev",
              "Name": "couponmoa-nat-gateway"
            },
            "tags_all": {
              "Environment": "dev",
              "Name": "couponmoa-nat-gateway"
            }
          },
          "sensitive_attributes": [],
          "private": "bnVsbA==",
          "dependencies": [
            "aws_eip.nat_eip",
            "aws_internet_gateway.igw",
            "aws_subnet.public_subnet_1",
            "aws_vpc.vpc"
          ]
        }
      ]
    },
    {
      "mode": "managed",
      "type": "aws_route_table",
      "name": "private_route_table",
      "provider": "provider[\"registry.terraform.io/hashicorp/aws\"]",
      "instances": [
        {
          "schema_version": 0,
          "attributes": {
            "arn": "arn:aws:ec2:ap-northeast-2:588738590244:route-table/rtb-013feab8536065050",
            "id": "rtb-013feab8536065050",
            "owner_id": "588738590244",
            "propagating_vgws": [],
            "route": [
              {
                "carrier_gateway_id": "",
                "cidr_block": "0.0.0.0/0",
                "core_network_arn": "",
                "destination_prefix_list_id": "",
                "egress_only_gateway_id": "",
                "gateway_id": "",
                "instance_id": "",
                "ipv6_cidr_block": "",
                "local_gateway_id": "",
                "nat_gateway_id": "nat-03b72ebc72a505525",
                "network_interface_id": "",
                "transit_gateway_id": "",
                "vpc_endpoint_id": "",
                "vpc_peering_connection_id": ""
              }
            ],
            "tags": {
              "Environment": "dev",
              "Name": "couponmoa-private-rt"
            },
            "tags_all": {
              "Environment": "dev",
              "Name": "couponmoa-private-rt"
            },
            "timeouts": null,
            "vpc_id": "vpc-0623c2663f8d2a795"
          },
          "sensitive_attributes": [],
          "private": "eyJlMmJmYjczMC1lY2FhLTExZTYtOGY4OC0zNDM2M2JjN2M0YzAiOnsiY3JlYXRlIjozMDAwMDAwMDAwMDAsImRlbGV0ZSI6MzAwMDAwMDAwMDAwLCJ1cGRhdGUiOjEyMDAwMDAwMDAwMH19",
          "dependencies": [
            "aws_eip.nat_eip",
            "aws_internet_gateway.igw",
            "aws_nat_gateway.nat",
            "aws_subnet.public_subnet_1",
            "aws_vpc.vpc"
          ]
        }
      ]
    },
    {
      "mode": "managed",
      "type": "aws_route_table",
      "name": "public_route_table",
      "provider": "provider[\"registry.terraform.io/hashicorp/aws\"]",
      "instances": [
        {
          "schema_version": 0,
          "attributes": {
            "arn": "arn:aws:ec2:ap-northeast-2:588738590244:route-table/rtb-046c14fe633e04fb7",
            "id": "rtb-046c14fe633e04fb7",
            "owner_id": "588738590244",
            "propagating_vgws": [],
            "route": [
              {
                "carrier_gateway_id": "",
                "cidr_block": "0.0.0.0/0",
                "core_network_arn": "",
                "destination_prefix_list_id": "",
                "egress_only_gateway_id": "",
                "gateway_id": "igw-07342d1072b79ec3b",
                "instance_id": "",
                "ipv6_cidr_block": "",
                "local_gateway_id": "",
                "nat_gateway_id": "",
                "network_interface_id": "",
                "transit_gateway_id": "",
                "vpc_endpoint_id": "",
                "vpc_peering_connection_id": ""
              }
            ],
            "tags": {
              "Environment": "dev",
              "Name": "couponmoa-public-rt"
            },
            "tags_all": {
              "Environment": "dev",
              "Name": "couponmoa-public-rt"
            },
            "timeouts": null,
            "vpc_id": "vpc-0623c2663f8d2a795"
          },
          "sensitive_attributes": [],
          "private": "eyJlMmJmYjczMC1lY2FhLTExZTYtOGY4OC0zNDM2M2JjN2M0YzAiOnsiY3JlYXRlIjozMDAwMDAwMDAwMDAsImRlbGV0ZSI6MzAwMDAwMDAwMDAwLCJ1cGRhdGUiOjEyMDAwMDAwMDAwMH19",
          "dependencies": [
            "aws_internet_gateway.igw",
            "aws_vpc.vpc"
          ]
        }
      ]
    },
    {
      "mode": "managed",
      "type": "aws_route_table_association",
      "name": "private_route_table_association_1",
      "provider": "provider[\"registry.terraform.io/hashicorp/aws\"]",
      "instances": [
        {
          "schema_version": 0,
          "attributes": {
            "gateway_id": "",
            "id": "rtbassoc-0503dcdda1ea26077",
            "route_table_id": "rtb-013feab8536065050",
            "subnet_id": "subnet-0dd70213c95d724e6"
          },
          "sensitive_attributes": [],
          "private": "bnVsbA==",
          "dependencies": [
            "aws_eip.nat_eip",
            "aws_internet_gateway.igw",
            "aws_nat_gateway.nat",
            "aws_route_table.private_route_table",
            "aws_subnet.private_subnet_1",
            "aws_subnet.public_subnet_1",
            "aws_vpc.vpc"
          ]
        }
      ]
    },
    {
      "mode": "managed",
      "type": "aws_route_table_association",
      "name": "private_route_table_association_2",
      "provider": "provider[\"registry.terraform.io/hashicorp/aws\"]",
      "instances": [
        {
          "schema_version": 0,
          "attributes": {
            "gateway_id": "",
            "id": "rtbassoc-08fd8d2a04d77dc2b",
            "route_table_id": "rtb-013feab8536065050",
            "subnet_id": "subnet-0361809e3e1b2c823"
          },
          "sensitive_attributes": [],
          "private": "bnVsbA==",
          "dependencies": [
            "aws_eip.nat_eip",
            "aws_internet_gateway.igw",
            "aws_nat_gateway.nat",
            "aws_route_table.private_route_table",
            "aws_subnet.private_subnet_2",
            "aws_subnet.public_subnet_1",
            "aws_vpc.vpc"
          ]
        }
      ]
    },
    {
      "mode": "managed",
      "type": "aws_route_table_association",
      "name": "public_route_table_association_1",
      "provider": "provider[\"registry.terraform.io/hashicorp/aws\"]",
      "instances": [
        {
          "schema_version": 0,
          "attributes": {
            "gateway_id": "",
            "id": "rtbassoc-0aaf63ce84206716c",
            "route_table_id": "rtb-046c14fe633e04fb7",
            "subnet_id": "subnet-0e0b66d4e1793a676"
          },
          "sensitive_attributes": [],
          "private": "bnVsbA==",
          "dependencies": [
            "aws_internet_gateway.igw",
            "aws_route_table.public_route_table",
            "aws_subnet.public_subnet_1",
            "aws_vpc.vpc"
          ]
        }
      ]
    },
    {
      "mode": "managed",
      "type": "aws_route_table_association",
      "name": "public_route_table_association_2",
      "provider": "provider[\"registry.terraform.io/hashicorp/aws\"]",
      "instances": [
        {
          "schema_version": 0,
          "attributes": {
            "gateway_id": "",
            "id": "rtbassoc-00c91f532924683b0",
            "route_table_id": "rtb-046c14fe633e04fb7",
            "subnet_id": "subnet-0f8856ce64a7b4f25"
          },
          "sensitive_attributes": [],
          "private": "bnVsbA==",
          "dependencies": [
            "aws_internet_gateway.igw",
            "aws_route_table.public_route_table",
            "aws_subnet.public_subnet_2",
            "aws_vpc.vpc"
          ]
        }
      ]
    },
    {
      "mode": "managed",
      "type": "aws_s3_bucket",
      "name": "image_bucket",
      "provider": "provider[\"registry.terraform.io/hashicorp/aws\"]",
      "instances": [
        {
          "schema_version": 0,
          "attributes": {
            "acceleration_status": "",
            "acl": null,
            "arn": "arn:aws:s3:::couponmoa-user-profile-prod",
            "bucket": "couponmoa-user-profile-prod",
            "bucket_domain_name": "couponmoa-user-profile-prod.s3.amazonaws.com",
            "bucket_prefix": null,
            "bucket_regional_domain_name": "couponmoa-user-profile-prod.s3.ap-northeast-2.amazonaws.com",
            "cors_rule": [],
            "force_destroy": true,
            "grant": [
              {
                "id": "b93789d1efed6b384830f7b52dc076fe27849bcdd97a67cb293210d171718421",
                "permissions": [
                  "FULL_CONTROL"
                ],
                "type": "CanonicalUser",
                "uri": ""
              }
            ],
            "hosted_zone_id": "Z3W03O7B5YMIYP",
            "id": "couponmoa-user-profile-prod",
            "lifecycle_rule": [],
            "logging": [],
            "object_lock_configuration": [],
            "object_lock_enabled": false,
            "policy": "{\"Statement\":[{\"Action\":\"s3:GetObject\",\"Condition\":{\"StringEquals\":{\"AWS:SourceArn\":\"arn:aws:cloudfront::588738590244:distribution/E2KHW0AKSNYL0O\"}},\"Effect\":\"Allow\",\"Principal\":{\"Service\":\"cloudfront.amazonaws.com\"},\"Resource\":\"arn:aws:s3:::couponmoa-user-profile-prod/*\",\"Sid\":\"AllowCloudFrontServicePrincipalReadOnly\"},{\"Action\":[\"s3:GetObject\",\"s3:PutObject\",\"s3:DeleteObject\"],\"Effect\":\"Allow\",\"Principal\":{\"AWS\":\"arn:aws:iam::588738590244:role/couponmoa-dev-ecs-execution-role\"},\"Resource\":\"arn:aws:s3:::couponmoa-user-profile-prod/*\",\"Sid\":\"AllowEcsTaskRoleAccess\"}],\"Version\":\"2012-10-17\"}",
            "region": "ap-northeast-2",
            "replication_configuration": [],
            "request_payer": "BucketOwner",
            "server_side_encryption_configuration": [
              {
                "rule": [
                  {
                    "apply_server_side_encryption_by_default": [
                      {
                        "kms_master_key_id": "",
                        "sse_algorithm": "AES256"
                      }
                    ],
                    "bucket_key_enabled": false
                  }
                ]
              }
            ],
            "tags": {
              "Environment": "dev",
              "Name": "couponmoa-user-profile-prod"
            },
            "tags_all": {
              "Environment": "dev",
              "Name": "couponmoa-user-profile-prod"
            },
            "timeouts": null,
            "versioning": [
              {
                "enabled": false,
                "mfa_delete": false
              }
            ],
            "website": [],
            "website_domain": null,
            "website_endpoint": null
          },
          "sensitive_attributes": [],
          "private": "eyJlMmJmYjczMC1lY2FhLTExZTYtOGY4OC0zNDM2M2JjN2M0YzAiOnsiY3JlYXRlIjoxMjAwMDAwMDAwMDAwLCJkZWxldGUiOjM2MDAwMDAwMDAwMDAsInJlYWQiOjEyMDAwMDAwMDAwMDAsInVwZGF0ZSI6MTIwMDAwMDAwMDAwMH19"
        }
      ]
    },
    {
      "mode": "managed",
      "type": "aws_s3_bucket_policy",
      "name": "image_bucket_policy",
      "provider": "provider[\"registry.terraform.io/hashicorp/aws\"]",
      "instances": [
        {
          "schema_version": 0,
          "attributes": {
            "bucket": "couponmoa-user-profile-prod",
            "id": "couponmoa-user-profile-prod",
            "policy": "{\"Statement\":[{\"Action\":\"s3:GetObject\",\"Condition\":{\"StringEquals\":{\"AWS:SourceArn\":\"arn:aws:cloudfront::588738590244:distribution/E2KHW0AKSNYL0O\"}},\"Effect\":\"Allow\",\"Principal\":{\"Service\":\"cloudfront.amazonaws.com\"},\"Resource\":\"arn:aws:s3:::couponmoa-user-profile-prod/*\",\"Sid\":\"AllowCloudFrontServicePrincipalReadOnly\"},{\"Action\":[\"s3:GetObject\",\"s3:PutObject\",\"s3:DeleteObject\"],\"Effect\":\"Allow\",\"Principal\":{\"AWS\":\"arn:aws:iam::588738590244:role/couponmoa-dev-ecs-execution-role\"},\"Resource\":\"arn:aws:s3:::couponmoa-user-profile-prod/*\",\"Sid\":\"AllowEcsTaskRoleAccess\"}],\"Version\":\"2012-10-17\"}"
          },
          "sensitive_attributes": [],
          "private": "bnVsbA==",
          "dependencies": [
            "aws_cloudfront_distribution.cdn",
            "aws_cloudfront_origin_access_control.oac",
            "aws_iam_role.execution_role",
            "aws_s3_bucket.image_bucket",
            "data.aws_iam_policy_document.assume_role_policy"
          ]
        }
      ]
    },
    {
      "mode": "managed",
      "type": "aws_s3_bucket_public_access_block",
      "name": "image_bucket_block",
      "provider": "provider[\"registry.terraform.io/hashicorp/aws\"]",
      "instances": [
        {
          "schema_version": 0,
          "attributes": {
            "block_public_acls": true,
            "block_public_policy": true,
            "bucket": "couponmoa-user-profile-prod",
            "id": "couponmoa-user-profile-prod",
            "ignore_public_acls": true,
            "restrict_public_buckets": true
          },
          "sensitive_attributes": [],
          "private": "bnVsbA==",
          "dependencies": [
            "aws_s3_bucket.image_bucket"
          ]
        }
      ]
    },
    {
      "mode": "managed",
      "type": "aws_security_group",
      "name": "alb_sg",
      "provider": "provider[\"registry.terraform.io/hashicorp/aws\"]",
      "instances": [
        {
          "schema_version": 1,
          "attributes": {
            "arn": "arn:aws:ec2:ap-northeast-2:588738590244:security-group/sg-0209661124c49b33e",
            "description": "Allow HTTP/HTTPS to ALB",
            "egress": [
              {
                "cidr_blocks": [
                  "0.0.0.0/0"
                ],
                "description": "",
                "from_port": 0,
                "ipv6_cidr_blocks": [],
                "prefix_list_ids": [],
                "protocol": "-1",
                "security_groups": [],
                "self": false,
                "to_port": 0
              }
            ],
            "id": "sg-0209661124c49b33e",
            "ingress": [
              {
                "cidr_blocks": [
                  "0.0.0.0/0"
                ],
                "description": "",
                "from_port": 443,
                "ipv6_cidr_blocks": [],
                "prefix_list_ids": [],
                "protocol": "tcp",
                "security_groups": [],
                "self": false,
                "to_port": 443
              },
              {
                "cidr_blocks": [
                  "0.0.0.0/0"
                ],
                "description": "",
                "from_port": 80,
                "ipv6_cidr_blocks": [],
                "prefix_list_ids": [],
                "protocol": "tcp",
                "security_groups": [],
                "self": false,
                "to_port": 80
              }
            ],
            "name": "couponmoa-alb-sg",
            "name_prefix": "",
            "owner_id": "588738590244",
            "revoke_rules_on_delete": false,
            "tags": {
              "Environment": "dev",
              "Name": "couponmoa-alb-sg"
            },
            "tags_all": {
              "Environment": "dev",
              "Name": "couponmoa-alb-sg"
            },
            "timeouts": null,
            "vpc_id": "vpc-0623c2663f8d2a795"
          },
          "sensitive_attributes": [],
          "private": "eyJlMmJmYjczMC1lY2FhLTExZTYtOGY4OC0zNDM2M2JjN2M0YzAiOnsiY3JlYXRlIjo2MDAwMDAwMDAwMDAsImRlbGV0ZSI6OTAwMDAwMDAwMDAwfSwic2NoZW1hX3ZlcnNpb24iOiIxIn0=",
          "dependencies": [
            "aws_vpc.vpc"
          ]
        }
      ]
    },
    {
      "mode": "managed",
      "type": "aws_security_group",
      "name": "ecs_sg",
      "provider": "provider[\"registry.terraform.io/hashicorp/aws\"]",
      "instances": [
        {
          "schema_version": 1,
          "attributes": {
            "arn": "arn:aws:ec2:ap-northeast-2:588738590244:security-group/sg-05538fa9311c926c1",
            "description": "Allow traffic from ALB and ECS services",
            "egress": [
              {
                "cidr_blocks": [
                  "0.0.0.0/0"
                ],
                "description": "",
                "from_port": 0,
                "ipv6_cidr_blocks": [],
                "prefix_list_ids": [],
                "protocol": "-1",
                "security_groups": [],
                "self": false,
                "to_port": 0
              }
            ],
            "id": "sg-05538fa9311c926c1",
            "ingress": [
              {
                "cidr_blocks": [],
                "description": "Allow ECS internal communication",
                "from_port": 0,
                "ipv6_cidr_blocks": [],
                "prefix_list_ids": [],
                "protocol": "tcp",
                "security_groups": [],
                "self": true,
                "to_port": 65535
              },
              {
                "cidr_blocks": [],
                "description": "Allow traffic from ALB",
                "from_port": 3000,
                "ipv6_cidr_blocks": [],
                "prefix_list_ids": [],
                "protocol": "tcp",
                "security_groups": [
                  "sg-0209661124c49b33e"
                ],
                "self": false,
                "to_port": 3000
              }
            ],
            "name": "couponmoa-ecs-sg",
            "name_prefix": "",
            "owner_id": "588738590244",
            "revoke_rules_on_delete": false,
            "tags": {
              "Environment": "dev",
              "Name": "couponmoa-ecs-sg"
            },
            "tags_all": {
              "Environment": "dev",
              "Name": "couponmoa-ecs-sg"
            },
            "timeouts": null,
            "vpc_id": "vpc-0623c2663f8d2a795"
          },
          "sensitive_attributes": [],
          "private": "eyJlMmJmYjczMC1lY2FhLTExZTYtOGY4OC0zNDM2M2JjN2M0YzAiOnsiY3JlYXRlIjo2MDAwMDAwMDAwMDAsImRlbGV0ZSI6OTAwMDAwMDAwMDAwfSwic2NoZW1hX3ZlcnNpb24iOiIxIn0=",
          "dependencies": [
            "aws_security_group.alb_sg",
            "aws_vpc.vpc"
          ]
        }
      ]
    },
    {
      "mode": "managed",
      "type": "aws_security_group",
      "name": "rds_sg",
      "provider": "provider[\"registry.terraform.io/hashicorp/aws\"]",
      "instances": [
        {
          "schema_version": 1,
          "attributes": {
            "arn": "arn:aws:ec2:ap-northeast-2:588738590244:security-group/sg-08d5de21ed84cbf88",
            "description": "Allow MySQL from ECS",
            "egress": [
              {
                "cidr_blocks": [
                  "0.0.0.0/0"
                ],
                "description": "",
                "from_port": 0,
                "ipv6_cidr_blocks": [],
                "prefix_list_ids": [],
                "protocol": "-1",
                "security_groups": [],
                "self": false,
                "to_port": 0
              }
            ],
            "id": "sg-08d5de21ed84cbf88",
            "ingress": [
              {
                "cidr_blocks": [],
                "description": "Allow MySQL access from ECS",
                "from_port": 3306,
                "ipv6_cidr_blocks": [],
                "prefix_list_ids": [],
                "protocol": "tcp",
                "security_groups": [
                  "sg-05538fa9311c926c1"
                ],
                "self": false,
                "to_port": 3306
              }
            ],
            "name": "couponmoa-rds-sg",
            "name_prefix": "",
            "owner_id": "588738590244",
            "revoke_rules_on_delete": false,
            "tags": {
              "Environment": "dev",
              "Name": "couponmoa-rds-sg"
            },
            "tags_all": {
              "Environment": "dev",
              "Name": "couponmoa-rds-sg"
            },
            "timeouts": null,
            "vpc_id": "vpc-0623c2663f8d2a795"
          },
          "sensitive_attributes": [],
          "private": "eyJlMmJmYjczMC1lY2FhLTExZTYtOGY4OC0zNDM2M2JjN2M0YzAiOnsiY3JlYXRlIjo2MDAwMDAwMDAwMDAsImRlbGV0ZSI6OTAwMDAwMDAwMDAwfSwic2NoZW1hX3ZlcnNpb24iOiIxIn0=",
          "dependencies": [
            "aws_security_group.alb_sg",
            "aws_security_group.ecs_sg",
            "aws_vpc.vpc"
          ]
        }
      ]
    },
    {
      "mode": "managed",
      "type": "aws_security_group",
      "name": "redis_sg",
      "provider": "provider[\"registry.terraform.io/hashicorp/aws\"]",
      "instances": [
        {
          "schema_version": 1,
          "attributes": {
            "arn": "arn:aws:ec2:ap-northeast-2:588738590244:security-group/sg-0be5b2fe3c410681e",
            "description": "Managed by Terraform",
            "egress": [
              {
                "cidr_blocks": [
                  "0.0.0.0/0"
                ],
                "description": "",
                "from_port": 0,
                "ipv6_cidr_blocks": [],
                "prefix_list_ids": [],
                "protocol": "-1",
                "security_groups": [],
                "self": false,
                "to_port": 0
              }
            ],
            "id": "sg-0be5b2fe3c410681e",
            "ingress": [
              {
                "cidr_blocks": [],
                "description": "Allow Redis access from ECS",
                "from_port": 6379,
                "ipv6_cidr_blocks": [],
                "prefix_list_ids": [],
                "protocol": "tcp",
                "security_groups": [
                  "sg-05538fa9311c926c1"
                ],
                "self": false,
                "to_port": 6379
              }
            ],
            "name": "couponmoa-redis-sg",
            "name_prefix": "",
            "owner_id": "588738590244",
            "revoke_rules_on_delete": false,
            "tags": {
              "Environment": "dev",
              "Name": "couponmoa-redis-sg"
            },
            "tags_all": {
              "Environment": "dev",
              "Name": "couponmoa-redis-sg"
            },
            "timeouts": null,
            "vpc_id": "vpc-0623c2663f8d2a795"
          },
          "sensitive_attributes": [],
          "private": "eyJlMmJmYjczMC1lY2FhLTExZTYtOGY4OC0zNDM2M2JjN2M0YzAiOnsiY3JlYXRlIjo2MDAwMDAwMDAwMDAsImRlbGV0ZSI6OTAwMDAwMDAwMDAwfSwic2NoZW1hX3ZlcnNpb24iOiIxIn0=",
          "dependencies": [
            "aws_security_group.alb_sg",
            "aws_security_group.ecs_sg",
            "aws_vpc.vpc"
          ]
        }
      ]
    },
    {
      "mode": "managed",
      "type": "aws_service_discovery_private_dns_namespace",
      "name": "namespace",
      "provider": "provider[\"registry.terraform.io/hashicorp/aws\"]",
      "instances": [
        {
          "schema_version": 0,
          "attributes": {
            "arn": "arn:aws:servicediscovery:ap-northeast-2:588738590244:namespace/ns-7r67u64fkurk7g6k",
            "description": "Private namespace for service discovery",
            "hosted_zone": "Z07122481WLMD624JDZUW",
            "id": "ns-7r67u64fkurk7g6k",
            "name": "couponmoa.local",
            "tags": {},
            "tags_all": {},
            "vpc": "vpc-0623c2663f8d2a795"
          },
          "sensitive_attributes": [],
          "private": "bnVsbA==",
          "dependencies": [
            "aws_vpc.vpc"
          ]
        }
      ]
    },
    {
      "mode": "managed",
      "type": "aws_service_discovery_service",
      "name": "services",
      "provider": "provider[\"registry.terraform.io/hashicorp/aws\"]",
      "instances": [
        {
          "index_key": "coupon",
          "schema_version": 0,
          "attributes": {
            "arn": "arn:aws:servicediscovery:ap-northeast-2:588738590244:service/srv-m7h5o76uyq4qmwsl",
            "description": "",
            "dns_config": [
              {
                "dns_records": [
                  {
                    "ttl": 10,
                    "type": "A"
                  }
                ],
                "namespace_id": "ns-7r67u64fkurk7g6k",
                "routing_policy": "MULTIVALUE"
              }
            ],
            "force_destroy": false,
            "health_check_config": [],
            "health_check_custom_config": [
              {
                "failure_threshold": 1
              }
            ],
            "id": "srv-m7h5o76uyq4qmwsl",
            "name": "couponmoa-dev-coupon-service",
            "namespace_id": "ns-7r67u64fkurk7g6k",
            "tags": {},
            "tags_all": {},
            "type": "DNS_HTTP"
          },
          "sensitive_attributes": [],
          "private": "bnVsbA==",
          "dependencies": [
            "aws_service_discovery_private_dns_namespace.namespace",
            "aws_vpc.vpc"
          ]
        },
        {
          "index_key": "notification",
          "schema_version": 0,
          "attributes": {
            "arn": "arn:aws:servicediscovery:ap-northeast-2:588738590244:service/srv-3aszirnmx2h44eow",
            "description": "",
            "dns_config": [
              {
                "dns_records": [
                  {
                    "ttl": 10,
                    "type": "A"
                  }
                ],
                "namespace_id": "ns-7r67u64fkurk7g6k",
                "routing_policy": "MULTIVALUE"
              }
            ],
            "force_destroy": false,
            "health_check_config": [],
            "health_check_custom_config": [
              {
                "failure_threshold": 1
              }
            ],
            "id": "srv-3aszirnmx2h44eow",
            "name": "couponmoa-dev-notification-service",
            "namespace_id": "ns-7r67u64fkurk7g6k",
            "tags": {},
            "tags_all": {},
            "type": "DNS_HTTP"
          },
          "sensitive_attributes": [],
          "private": "bnVsbA==",
          "dependencies": [
            "aws_service_discovery_private_dns_namespace.namespace",
            "aws_vpc.vpc"
          ]
        },
        {
          "index_key": "scheduling",
          "schema_version": 0,
          "attributes": {
            "arn": "arn:aws:servicediscovery:ap-northeast-2:588738590244:service/srv-77r7f4z6lvct2xyh",
            "description": "",
            "dns_config": [
              {
                "dns_records": [
                  {
                    "ttl": 10,
                    "type": "A"
                  }
                ],
                "namespace_id": "ns-7r67u64fkurk7g6k",
                "routing_policy": "MULTIVALUE"
              }
            ],
            "force_destroy": false,
            "health_check_config": [],
            "health_check_custom_config": [
              {
                "failure_threshold": 1
              }
            ],
            "id": "srv-77r7f4z6lvct2xyh",
            "name": "couponmoa-dev-scheduling-service",
            "namespace_id": "ns-7r67u64fkurk7g6k",
            "tags": {},
            "tags_all": {},
            "type": "DNS_HTTP"
          },
          "sensitive_attributes": [],
          "private": "bnVsbA==",
          "dependencies": [
            "aws_service_discovery_private_dns_namespace.namespace",
            "aws_vpc.vpc"
          ]
        },
        {
          "index_key": "store",
          "schema_version": 0,
          "attributes": {
            "arn": "arn:aws:servicediscovery:ap-northeast-2:588738590244:service/srv-s4qbpb7czju4x7ax",
            "description": "",
            "dns_config": [
              {
                "dns_records": [
                  {
                    "ttl": 10,
                    "type": "A"
                  }
                ],
                "namespace_id": "ns-7r67u64fkurk7g6k",
                "routing_policy": "MULTIVALUE"
              }
            ],
            "force_destroy": false,
            "health_check_config": [],
            "health_check_custom_config": [
              {
                "failure_threshold": 1
              }
            ],
            "id": "srv-s4qbpb7czju4x7ax",
            "name": "couponmoa-dev-store-service",
            "namespace_id": "ns-7r67u64fkurk7g6k",
            "tags": {},
            "tags_all": {},
            "type": "DNS_HTTP"
          },
          "sensitive_attributes": [],
          "private": "bnVsbA==",
          "dependencies": [
            "aws_service_discovery_private_dns_namespace.namespace",
            "aws_vpc.vpc"
          ]
        },
        {
          "index_key": "user",
          "schema_version": 0,
          "attributes": {
            "arn": "arn:aws:servicediscovery:ap-northeast-2:588738590244:service/srv-xglifgqonnrol4k7",
            "description": "",
            "dns_config": [
              {
                "dns_records": [
                  {
                    "ttl": 10,
                    "type": "A"
                  }
                ],
                "namespace_id": "ns-7r67u64fkurk7g6k",
                "routing_policy": "MULTIVALUE"
              }
            ],
            "force_destroy": false,
            "health_check_config": [],
            "health_check_custom_config": [
              {
                "failure_threshold": 1
              }
            ],
            "id": "srv-xglifgqonnrol4k7",
            "name": "couponmoa-dev-user-service",
            "namespace_id": "ns-7r67u64fkurk7g6k",
            "tags": {},
            "tags_all": {},
            "type": "DNS_HTTP"
          },
          "sensitive_attributes": [],
          "private": "bnVsbA==",
          "dependencies": [
            "aws_service_discovery_private_dns_namespace.namespace",
            "aws_vpc.vpc"
          ]
        }
      ]
    },
    {
      "mode": "managed",
      "type": "aws_sqs_queue",
      "name": "coupon_alert_queue",
      "provider": "provider[\"registry.terraform.io/hashicorp/aws\"]",
      "instances": [
        {
          "schema_version": 0,
          "attributes": {
            "arn": "arn:aws:sqs:ap-northeast-2:588738590244:coupon-alert-queue",
            "content_based_deduplication": false,
            "deduplication_scope": "",
            "delay_seconds": 0,
            "fifo_queue": false,
            "fifo_throughput_limit": "",
            "id": "https://sqs.ap-northeast-2.amazonaws.com/588738590244/coupon-alert-queue",
            "kms_data_key_reuse_period_seconds": 300,
            "kms_master_key_id": "",
            "max_message_size": 262144,
            "message_retention_seconds": 1209600,
            "name": "coupon-alert-queue",
            "name_prefix": "",
            "policy": "",
            "receive_wait_time_seconds": 0,
            "redrive_allow_policy": "",
            "redrive_policy": "",
            "sqs_managed_sse_enabled": true,
            "tags": {
              "Environment": "dev",
              "Name": "coupon-alert-queue"
            },
            "tags_all": {
              "Environment": "dev",
              "Name": "coupon-alert-queue"
            },
            "url": "https://sqs.ap-northeast-2.amazonaws.com/588738590244/coupon-alert-queue",
            "visibility_timeout_seconds": 30
          },
          "sensitive_attributes": [],
          "private": "bnVsbA=="
        }
      ]
    },
    {
      "mode": "managed",
      "type": "aws_sqs_queue",
      "name": "email_alert_queue",
      "provider": "provider[\"registry.terraform.io/hashicorp/aws\"]",
      "instances": [
        {
          "schema_version": 0,
          "attributes": {
            "arn": "arn:aws:sqs:ap-northeast-2:588738590244:couponmoa-queue",
            "content_based_deduplication": false,
            "deduplication_scope": "",
            "delay_seconds": 0,
            "fifo_queue": false,
            "fifo_throughput_limit": "",
            "id": "https://sqs.ap-northeast-2.amazonaws.com/588738590244/couponmoa-queue",
            "kms_data_key_reuse_period_seconds": 300,
            "kms_master_key_id": "",
            "max_message_size": 262144,
            "message_retention_seconds": 1209600,
            "name": "couponmoa-queue",
            "name_prefix": "",
            "policy": "",
            "receive_wait_time_seconds": 0,
            "redrive_allow_policy": "",
            "redrive_policy": "",
            "sqs_managed_sse_enabled": true,
            "tags": {
              "Environment": "dev",
              "Name": "couponmoa-queue"
            },
            "tags_all": {
              "Environment": "dev",
              "Name": "couponmoa-queue"
            },
            "url": "https://sqs.ap-northeast-2.amazonaws.com/588738590244/couponmoa-queue",
            "visibility_timeout_seconds": 30
          },
          "sensitive_attributes": [],
          "private": "bnVsbA=="
        }
      ]
    },
    {
      "mode": "managed",
      "type": "aws_subnet",
      "name": "private_subnet_1",
      "provider": "provider[\"registry.terraform.io/hashicorp/aws\"]",
      "instances": [
        {
          "schema_version": 1,
          "attributes": {
            "arn": "arn:aws:ec2:ap-northeast-2:588738590244:subnet/subnet-0dd70213c95d724e6",
            "assign_ipv6_address_on_creation": false,
            "availability_zone": "ap-northeast-2a",
            "availability_zone_id": "apne2-az1",
            "cidr_block": "10.0.10.0/24",
            "customer_owned_ipv4_pool": "",
            "enable_dns64": false,
            "enable_resource_name_dns_a_record_on_launch": false,
            "enable_resource_name_dns_aaaa_record_on_launch": false,
            "id": "subnet-0dd70213c95d724e6",
            "ipv6_cidr_block": "",
            "ipv6_cidr_block_association_id": "",
            "ipv6_native": false,
            "map_customer_owned_ip_on_launch": false,
            "map_public_ip_on_launch": false,
            "outpost_arn": "",
            "owner_id": "588738590244",
            "private_dns_hostname_type_on_launch": "ip-name",
            "tags": {
              "Environment": "dev",
              "Name": "couponmoa-private-subnet-1"
            },
            "tags_all": {
              "Environment": "dev",
              "Name": "couponmoa-private-subnet-1"
            },
            "timeouts": null,
            "vpc_id": "vpc-0623c2663f8d2a795"
          },
          "sensitive_attributes": [],
          "private": "eyJlMmJmYjczMC1lY2FhLTExZTYtOGY4OC0zNDM2M2JjN2M0YzAiOnsiY3JlYXRlIjo2MDAwMDAwMDAwMDAsImRlbGV0ZSI6MTIwMDAwMDAwMDAwMH0sInNjaGVtYV92ZXJzaW9uIjoiMSJ9",
          "dependencies": [
            "aws_vpc.vpc"
          ]
        }
      ]
    },
    {
      "mode": "managed",
      "type": "aws_subnet",
      "name": "private_subnet_2",
      "provider": "provider[\"registry.terraform.io/hashicorp/aws\"]",
      "instances": [
        {
          "schema_version": 1,
          "attributes": {
            "arn": "arn:aws:ec2:ap-northeast-2:588738590244:subnet/subnet-0361809e3e1b2c823",
            "assign_ipv6_address_on_creation": false,
            "availability_zone": "ap-northeast-2c",
            "availability_zone_id": "apne2-az3",
            "cidr_block": "10.0.11.0/24",
            "customer_owned_ipv4_pool": "",
            "enable_dns64": false,
            "enable_resource_name_dns_a_record_on_launch": false,
            "enable_resource_name_dns_aaaa_record_on_launch": false,
            "id": "subnet-0361809e3e1b2c823",
            "ipv6_cidr_block": "",
            "ipv6_cidr_block_association_id": "",
            "ipv6_native": false,
            "map_customer_owned_ip_on_launch": false,
            "map_public_ip_on_launch": false,
            "outpost_arn": "",
            "owner_id": "588738590244",
            "private_dns_hostname_type_on_launch": "ip-name",
            "tags": {
              "Environment": "dev",
              "Name": "couponmoa-private-subnet-2"
            },
            "tags_all": {
              "Environment": "dev",
              "Name": "couponmoa-private-subnet-2"
            },
            "timeouts": null,
            "vpc_id": "vpc-0623c2663f8d2a795"
          },
          "sensitive_attributes": [],
          "private": "eyJlMmJmYjczMC1lY2FhLTExZTYtOGY4OC0zNDM2M2JjN2M0YzAiOnsiY3JlYXRlIjo2MDAwMDAwMDAwMDAsImRlbGV0ZSI6MTIwMDAwMDAwMDAwMH0sInNjaGVtYV92ZXJzaW9uIjoiMSJ9",
          "dependencies": [
            "aws_vpc.vpc"
          ]
        }
      ]
    },
    {
      "mode": "managed",
      "type": "aws_subnet",
      "name": "public_subnet_1",
      "provider": "provider[\"registry.terraform.io/hashicorp/aws\"]",
      "instances": [
        {
          "schema_version": 1,
          "attributes": {
            "arn": "arn:aws:ec2:ap-northeast-2:588738590244:subnet/subnet-0e0b66d4e1793a676",
            "assign_ipv6_address_on_creation": false,
            "availability_zone": "ap-northeast-2a",
            "availability_zone_id": "apne2-az1",
            "cidr_block": "10.0.0.0/24",
            "customer_owned_ipv4_pool": "",
            "enable_dns64": false,
            "enable_resource_name_dns_a_record_on_launch": false,
            "enable_resource_name_dns_aaaa_record_on_launch": false,
            "id": "subnet-0e0b66d4e1793a676",
            "ipv6_cidr_block": "",
            "ipv6_cidr_block_association_id": "",
            "ipv6_native": false,
            "map_customer_owned_ip_on_launch": false,
            "map_public_ip_on_launch": false,
            "outpost_arn": "",
            "owner_id": "588738590244",
            "private_dns_hostname_type_on_launch": "ip-name",
            "tags": {
              "Environment": "dev",
              "Name": "couponmoa-public-subnet-1"
            },
            "tags_all": {
              "Environment": "dev",
              "Name": "couponmoa-public-subnet-1"
            },
            "timeouts": null,
            "vpc_id": "vpc-0623c2663f8d2a795"
          },
          "sensitive_attributes": [],
          "private": "eyJlMmJmYjczMC1lY2FhLTExZTYtOGY4OC0zNDM2M2JjN2M0YzAiOnsiY3JlYXRlIjo2MDAwMDAwMDAwMDAsImRlbGV0ZSI6MTIwMDAwMDAwMDAwMH0sInNjaGVtYV92ZXJzaW9uIjoiMSJ9",
          "dependencies": [
            "aws_vpc.vpc"
          ]
        }
      ]
    },
    {
      "mode": "managed",
      "type": "aws_subnet",
      "name": "public_subnet_2",
      "provider": "provider[\"registry.terraform.io/hashicorp/aws\"]",
      "instances": [
        {
          "schema_version": 1,
          "attributes": {
            "arn": "arn:aws:ec2:ap-northeast-2:588738590244:subnet/subnet-0f8856ce64a7b4f25",
            "assign_ipv6_address_on_creation": false,
            "availability_zone": "ap-northeast-2c",
            "availability_zone_id": "apne2-az3",
            "cidr_block": "10.0.1.0/24",
            "customer_owned_ipv4_pool": "",
            "enable_dns64": false,
            "enable_resource_name_dns_a_record_on_launch": false,
            "enable_resource_name_dns_aaaa_record_on_launch": false,
            "id": "subnet-0f8856ce64a7b4f25",
            "ipv6_cidr_block": "",
            "ipv6_cidr_block_association_id": "",
            "ipv6_native": false,
            "map_customer_owned_ip_on_launch": false,
            "map_public_ip_on_launch": false,
            "outpost_arn": "",
            "owner_id": "588738590244",
            "private_dns_hostname_type_on_launch": "ip-name",
            "tags": {
              "Environment": "dev",
              "Name": "couponmoa-public-subnet-2"
            },
            "tags_all": {
              "Environment": "dev",
              "Name": "couponmoa-public-subnet-2"
            },
            "timeouts": null,
            "vpc_id": "vpc-0623c2663f8d2a795"
          },
          "sensitive_attributes": [],
          "private": "eyJlMmJmYjczMC1lY2FhLTExZTYtOGY4OC0zNDM2M2JjN2M0YzAiOnsiY3JlYXRlIjo2MDAwMDAwMDAwMDAsImRlbGV0ZSI6MTIwMDAwMDAwMDAwMH0sInNjaGVtYV92ZXJzaW9uIjoiMSJ9",
          "dependencies": [
            "aws_vpc.vpc"
          ]
        }
      ]
    },
    {
      "mode": "managed",
      "type": "aws_vpc",
      "name": "vpc",
      "provider": "provider[\"registry.terraform.io/hashicorp/aws\"]",
      "instances": [
        {
          "schema_version": 1,
          "attributes": {
            "arn": "arn:aws:ec2:ap-northeast-2:588738590244:vpc/vpc-0623c2663f8d2a795",
            "assign_generated_ipv6_cidr_block": false,
            "cidr_block": "10.0.0.0/16",
            "default_network_acl_id": "acl-03a045d7bd6a4d3a2",
            "default_route_table_id": "rtb-036ce8287b1d7bef0",
            "default_security_group_id": "sg-09f7d44332dbe429a",
            "dhcp_options_id": "dopt-09e4980783194d8cd",
            "enable_classiclink": false,
            "enable_classiclink_dns_support": false,
            "enable_dns_hostnames": true,
            "enable_dns_support": true,
            "enable_network_address_usage_metrics": false,
            "id": "vpc-0623c2663f8d2a795",
            "instance_tenancy": "default",
            "ipv4_ipam_pool_id": null,
            "ipv4_netmask_length": null,
            "ipv6_association_id": "",
            "ipv6_cidr_block": "",
            "ipv6_cidr_block_network_border_group": "",
            "ipv6_ipam_pool_id": "",
            "ipv6_netmask_length": 0,
            "main_route_table_id": "rtb-036ce8287b1d7bef0",
            "owner_id": "588738590244",
            "tags": {
              "Environment": "dev",
              "Name": "couponmoa-vpc"
            },
            "tags_all": {
              "Environment": "dev",
              "Name": "couponmoa-vpc"
            }
          },
          "sensitive_attributes": [],
          "private": "eyJzY2hlbWFfdmVyc2lvbiI6IjEifQ==",
          "create_before_destroy": true
        }
      ]
    }
  ],
  "check_results": null
}
